
Microsoft Visual Studio Solution File, Format Version 12.00
# Visual Studio 2010
Project("{FAE04EC0-301F-11D3-BF4B-00C04F79EFBC}") = "XNA8DFramework", "XNA8DFramework.csproj", "{BB81C9BB-2A85-4DDD-917F-24B0F2D12CB7}"
EndProject
Project("{FAE04EC0-301F-11D3-BF4B-00C04F79EFBC}") = "XNA8DFramework_WP7", "XNA8DFramework_WP7.csproj", "{A8925226-436D-471D-91B9-266149F7EE40}"
EndProject
Project("{FAE04EC0-301F-11D3-BF4B-00C04F79EFBC}") = "XNA8DVisualizadorAnims", "..\XNA8DVisualizadorAnims\XNA8DVisualizadorAnims\XNA8DVisualizadorAnims.csproj", "{86A406C0-6FF5-4713-9D76-B0726E1BB386}"
EndProject
Project("{FAE04EC0-301F-11D3-BF4B-00C04F79EFBC}") = "XNA8DVisualizadorAnimsContent", "..\XNA8DVisualizadorAnims\XNA8DVisualizadorAnimsContent\XNA8DVisualizadorAnimsContent.contentproj", "{27303D92-F201-4449-956A-DBB33770BE78}"
EndProject
Project("{FAE04EC0-301F-11D3-BF4B-00C04F79EFBC}") = "XNA8DVisualizadorImagens", "..\XNA8DVisualizadorImagens\XNA8DVisualizadorImagens\XNA8DVisualizadorImagens.csproj", "{9CCBB766-0EE1-44F5-A81D-092D184F9ABE}"
EndProject
Project("{FAE04EC0-301F-11D3-BF4B-00C04F79EFBC}") = "XNA8DFramework_Silverlight", "XNA8DFramework_Silverlight.csproj", "{131C2DED-BA24-4D41-A7E8-6DEEF564DF5A}"
EndProject
Project("{FAE04EC0-301F-11D3-BF4B-00C04F79EFBC}") = "XNA8DFramework_Win8", "XNA8DFramework_Win8.csproj", "{CCCF9F01-8866-4077-B971-5B659D28444A}"
EndProject
Project("{FAE04EC0-301F-11D3-BF4B-00C04F79EFBC}") = "MonoGame.Framework.Windows8", "..\..\..\Documents\GitHub\MonoGame\MonoGame.Framework\MonoGame.Framework.Windows8.csproj", "{0518563C-ACCA-4A14-8C5D-DDBE93E2605F}"
EndProject
Project("{FAE04EC0-301F-11D3-BF4B-00C04F79EFBC}") = "XNA8DFramework_iPhone", "XNA8DFramework_iPhone.csproj", "{C07C1BAD-FC7A-4483-9E1C-B049F58D48AC}"
EndProject
Project("{2150E333-8FDC-42A3-9474-1A3956D46DE8}") = "Solution Items", "Solution Items", "{74C4BAE4-A078-46CE-990D-D42E316CFABD}"
	ProjectSection(SolutionItems) = preProject
		Local.testsettings = Local.testsettings
		TraceAndTestImpact.testsettings = TraceAndTestImpact.testsettings
		XNA8DFramework.vsmdi = XNA8DFramework.vsmdi
	EndProjectSection
EndProject
Project("{FAE04EC0-301F-11D3-BF4B-00C04F79EFBC}") = "XNA8DFramework.Tests", "XNA8DFramework.Tests\XNA8DFramework.Tests.csproj", "{9EA757C3-F52A-4478-88D5-42B205DC56E7}"
EndProject
Project("{FAE04EC0-301F-11D3-BF4B-00C04F79EFBC}") = "XNA8DFramework_WP8", "XNA8DFramework_WP8.csproj", "{8D47FFF9-E5E0-4A74-92FC-3DA0B28C8674}"
EndProject
Project("{FAE04EC0-301F-11D3-BF4B-00C04F79EFBC}") = "MonoGame.Framework.WindowsPhone", "..\..\..\Documents\GitHub\MonoGame\MonoGame.Framework\MonoGame.Framework.WindowsPhone.csproj", "{BAA9A6E4-7690-4DE0-9531-DE0EAEEC9739}"
EndProject
Project("{FAE04EC0-301F-11D3-BF4B-00C04F79EFBC}") = "Lidgren.Network.iOS", "..\..\..\Documents\GitHub\MonoGame\ThirdParty\Lidgren.Network\Lidgren.Network.iOS.csproj", "{734EAA48-F1CA-481A-B391-0285BC0E8B40}"
EndProject
Project("{FAE04EC0-301F-11D3-BF4B-00C04F79EFBC}") = "MonoGame.Framework.iOS", "..\..\..\Documents\GitHub\MonoGame\MonoGame.Framework\MonoGame.Framework.iOS.csproj", "{DB8508BB-9849-4CC2-BC0F-8EB5DACB3C47}"
EndProject
Project("{FAE04EC0-301F-11D3-BF4B-00C04F79EFBC}") = "XNA8DFramework_Android", "XNA8DFramework_Android.csproj", "{AD90531A-49CC-42F8-8D9E-266EB9848B07}"
EndProject
Project("{FAE04EC0-301F-11D3-BF4B-00C04F79EFBC}") = "MonoGame.Framework.Android", "..\..\..\Documents\GitHub\MonoGame\MonoGame.Framework\MonoGame.Framework.Android.csproj", "{BA9476CF-99BA-4D03-92F2-73D2C5E58883}"
EndProject
Project("{FAE04EC0-301F-11D3-BF4B-00C04F79EFBC}") = "Lidgren.Network.Android", "..\..\..\Documents\GitHub\MonoGame\ThirdParty\Lidgren.Network\Lidgren.Network.Android.csproj", "{565129E0-4EE5-4F6F-B403-C3484C9740BE}"
EndProject
Global
	GlobalSection(TestCaseManagementSettings) = postSolution
		CategoryFile = XNA8DFramework.vsmdi
	EndGlobalSection
	GlobalSection(SolutionConfigurationPlatforms) = preSolution
		Debug|Any CPU = Debug|Any CPU
		Debug|ARM = Debug|ARM
		Debug|iPhone = Debug|iPhone
		Debug|iPhoneSimulator = Debug|iPhoneSimulator
		Debug|Mixed Platforms = Debug|Mixed Platforms
		Debug|x86 = Debug|x86
		Distribution|Any CPU = Distribution|Any CPU
		Distribution|ARM = Distribution|ARM
		Distribution|iPhone = Distribution|iPhone
		Distribution|iPhoneSimulator = Distribution|iPhoneSimulator
		Distribution|Mixed Platforms = Distribution|Mixed Platforms
		Distribution|x86 = Distribution|x86
		DistributionEntertainment|Any CPU = DistributionEntertainment|Any CPU
		DistributionEntertainment|ARM = DistributionEntertainment|ARM
		DistributionEntertainment|iPhone = DistributionEntertainment|iPhone
		DistributionEntertainment|iPhoneSimulator = DistributionEntertainment|iPhoneSimulator
		DistributionEntertainment|Mixed Platforms = DistributionEntertainment|Mixed Platforms
		DistributionEntertainment|x86 = DistributionEntertainment|x86
		DistributionGames|Any CPU = DistributionGames|Any CPU
		DistributionGames|ARM = DistributionGames|ARM
		DistributionGames|iPhone = DistributionGames|iPhone
		DistributionGames|iPhoneSimulator = DistributionGames|iPhoneSimulator
		DistributionGames|Mixed Platforms = DistributionGames|Mixed Platforms
		DistributionGames|x86 = DistributionGames|x86
		Release|Any CPU = Release|Any CPU
		Release|ARM = Release|ARM
		Release|iPhone = Release|iPhone
		Release|iPhoneSimulator = Release|iPhoneSimulator
		Release|Mixed Platforms = Release|Mixed Platforms
		Release|x86 = Release|x86
	EndGlobalSection
	GlobalSection(ProjectConfigurationPlatforms) = postSolution
		{BB81C9BB-2A85-4DDD-917F-24B0F2D12CB7}.Debug|Any CPU.ActiveCfg = Debug|x86
		{BB81C9BB-2A85-4DDD-917F-24B0F2D12CB7}.Debug|ARM.ActiveCfg = Debug|x86
		{BB81C9BB-2A85-4DDD-917F-24B0F2D12CB7}.Debug|iPhone.ActiveCfg = Debug|x86
		{BB81C9BB-2A85-4DDD-917F-24B0F2D12CB7}.Debug|iPhoneSimulator.ActiveCfg = Debug|x86
		{BB81C9BB-2A85-4DDD-917F-24B0F2D12CB7}.Debug|Mixed Platforms.ActiveCfg = Debug|x86
		{BB81C9BB-2A85-4DDD-917F-24B0F2D12CB7}.Debug|Mixed Platforms.Build.0 = Debug|x86
		{BB81C9BB-2A85-4DDD-917F-24B0F2D12CB7}.Debug|x86.ActiveCfg = Debug|x86
		{BB81C9BB-2A85-4DDD-917F-24B0F2D12CB7}.Debug|x86.Build.0 = Debug|x86
		{BB81C9BB-2A85-4DDD-917F-24B0F2D12CB7}.Distribution|Any CPU.ActiveCfg = Debug|x86
		{BB81C9BB-2A85-4DDD-917F-24B0F2D12CB7}.Distribution|ARM.ActiveCfg = Debug|x86
		{BB81C9BB-2A85-4DDD-917F-24B0F2D12CB7}.Distribution|iPhone.ActiveCfg = Debug|x86
		{BB81C9BB-2A85-4DDD-917F-24B0F2D12CB7}.Distribution|iPhoneSimulator.ActiveCfg = Debug|x86
		{BB81C9BB-2A85-4DDD-917F-24B0F2D12CB7}.Distribution|Mixed Platforms.ActiveCfg = Debug|x86
		{BB81C9BB-2A85-4DDD-917F-24B0F2D12CB7}.Distribution|x86.ActiveCfg = Debug|x86
		{BB81C9BB-2A85-4DDD-917F-24B0F2D12CB7}.Distribution|x86.Build.0 = Debug|x86
		{BB81C9BB-2A85-4DDD-917F-24B0F2D12CB7}.DistributionEntertainment|Any CPU.ActiveCfg = Debug|x86
		{BB81C9BB-2A85-4DDD-917F-24B0F2D12CB7}.DistributionEntertainment|ARM.ActiveCfg = Debug|x86
		{BB81C9BB-2A85-4DDD-917F-24B0F2D12CB7}.DistributionEntertainment|iPhone.ActiveCfg = Debug|x86
		{BB81C9BB-2A85-4DDD-917F-24B0F2D12CB7}.DistributionEntertainment|iPhoneSimulator.ActiveCfg = Debug|x86
		{BB81C9BB-2A85-4DDD-917F-24B0F2D12CB7}.DistributionEntertainment|Mixed Platforms.ActiveCfg = Debug|x86
		{BB81C9BB-2A85-4DDD-917F-24B0F2D12CB7}.DistributionEntertainment|x86.ActiveCfg = Debug|x86
		{BB81C9BB-2A85-4DDD-917F-24B0F2D12CB7}.DistributionEntertainment|x86.Build.0 = Debug|x86
		{BB81C9BB-2A85-4DDD-917F-24B0F2D12CB7}.DistributionGames|Any CPU.ActiveCfg = Debug|x86
		{BB81C9BB-2A85-4DDD-917F-24B0F2D12CB7}.DistributionGames|ARM.ActiveCfg = Debug|x86
		{BB81C9BB-2A85-4DDD-917F-24B0F2D12CB7}.DistributionGames|iPhone.ActiveCfg = Debug|x86
		{BB81C9BB-2A85-4DDD-917F-24B0F2D12CB7}.DistributionGames|iPhoneSimulator.ActiveCfg = Debug|x86
		{BB81C9BB-2A85-4DDD-917F-24B0F2D12CB7}.DistributionGames|Mixed Platforms.ActiveCfg = Debug|x86
		{BB81C9BB-2A85-4DDD-917F-24B0F2D12CB7}.DistributionGames|x86.ActiveCfg = Debug|x86
		{BB81C9BB-2A85-4DDD-917F-24B0F2D12CB7}.DistributionGames|x86.Build.0 = Debug|x86
		{BB81C9BB-2A85-4DDD-917F-24B0F2D12CB7}.Release|Any CPU.ActiveCfg = Release|x86
		{BB81C9BB-2A85-4DDD-917F-24B0F2D12CB7}.Release|ARM.ActiveCfg = Release|x86
		{BB81C9BB-2A85-4DDD-917F-24B0F2D12CB7}.Release|iPhone.ActiveCfg = Debug|x86
		{BB81C9BB-2A85-4DDD-917F-24B0F2D12CB7}.Release|iPhoneSimulator.ActiveCfg = Debug|x86
		{BB81C9BB-2A85-4DDD-917F-24B0F2D12CB7}.Release|Mixed Platforms.ActiveCfg = Release|x86
		{BB81C9BB-2A85-4DDD-917F-24B0F2D12CB7}.Release|Mixed Platforms.Build.0 = Release|x86
		{BB81C9BB-2A85-4DDD-917F-24B0F2D12CB7}.Release|x86.ActiveCfg = Release|x86
		{BB81C9BB-2A85-4DDD-917F-24B0F2D12CB7}.Release|x86.Build.0 = Release|x86
		{A8925226-436D-471D-91B9-266149F7EE40}.Debug|Any CPU.ActiveCfg = Debug|Windows Phone
		{A8925226-436D-471D-91B9-266149F7EE40}.Debug|ARM.ActiveCfg = Debug|Windows Phone
		{A8925226-436D-471D-91B9-266149F7EE40}.Debug|iPhone.ActiveCfg = Debug|Windows Phone
		{A8925226-436D-471D-91B9-266149F7EE40}.Debug|iPhoneSimulator.ActiveCfg = Debug|Windows Phone
		{A8925226-436D-471D-91B9-266149F7EE40}.Debug|Mixed Platforms.ActiveCfg = Debug|Windows Phone
		{A8925226-436D-471D-91B9-266149F7EE40}.Debug|Mixed Platforms.Build.0 = Debug|Windows Phone
		{A8925226-436D-471D-91B9-266149F7EE40}.Debug|x86.ActiveCfg = Debug|Windows Phone
		{A8925226-436D-471D-91B9-266149F7EE40}.Distribution|Any CPU.ActiveCfg = Debug|Windows Phone
		{A8925226-436D-471D-91B9-266149F7EE40}.Distribution|ARM.ActiveCfg = Debug|Windows Phone
		{A8925226-436D-471D-91B9-266149F7EE40}.Distribution|iPhone.ActiveCfg = Debug|Windows Phone
		{A8925226-436D-471D-91B9-266149F7EE40}.Distribution|iPhoneSimulator.ActiveCfg = Debug|Windows Phone
		{A8925226-436D-471D-91B9-266149F7EE40}.Distribution|Mixed Platforms.ActiveCfg = Debug|Windows Phone
		{A8925226-436D-471D-91B9-266149F7EE40}.Distribution|x86.ActiveCfg = Debug|Windows Phone
		{A8925226-436D-471D-91B9-266149F7EE40}.DistributionEntertainment|Any CPU.ActiveCfg = Debug|Windows Phone
		{A8925226-436D-471D-91B9-266149F7EE40}.DistributionEntertainment|ARM.ActiveCfg = Debug|Windows Phone
		{A8925226-436D-471D-91B9-266149F7EE40}.DistributionEntertainment|iPhone.ActiveCfg = Debug|Windows Phone
		{A8925226-436D-471D-91B9-266149F7EE40}.DistributionEntertainment|iPhoneSimulator.ActiveCfg = Debug|Windows Phone
		{A8925226-436D-471D-91B9-266149F7EE40}.DistributionEntertainment|Mixed Platforms.ActiveCfg = Debug|Windows Phone
		{A8925226-436D-471D-91B9-266149F7EE40}.DistributionEntertainment|x86.ActiveCfg = Debug|Windows Phone
		{A8925226-436D-471D-91B9-266149F7EE40}.DistributionGames|Any CPU.ActiveCfg = Debug|Windows Phone
		{A8925226-436D-471D-91B9-266149F7EE40}.DistributionGames|ARM.ActiveCfg = Debug|Windows Phone
		{A8925226-436D-471D-91B9-266149F7EE40}.DistributionGames|iPhone.ActiveCfg = Debug|Windows Phone
		{A8925226-436D-471D-91B9-266149F7EE40}.DistributionGames|iPhoneSimulator.ActiveCfg = Debug|Windows Phone
		{A8925226-436D-471D-91B9-266149F7EE40}.DistributionGames|Mixed Platforms.ActiveCfg = Debug|Windows Phone
		{A8925226-436D-471D-91B9-266149F7EE40}.DistributionGames|x86.ActiveCfg = Debug|Windows Phone
		{A8925226-436D-471D-91B9-266149F7EE40}.Release|Any CPU.ActiveCfg = Release|Windows Phone
		{A8925226-436D-471D-91B9-266149F7EE40}.Release|ARM.ActiveCfg = Release|Windows Phone
		{A8925226-436D-471D-91B9-266149F7EE40}.Release|iPhone.ActiveCfg = Debug|Windows Phone
		{A8925226-436D-471D-91B9-266149F7EE40}.Release|iPhoneSimulator.ActiveCfg = Debug|Windows Phone
		{A8925226-436D-471D-91B9-266149F7EE40}.Release|Mixed Platforms.ActiveCfg = Release|Windows Phone
		{A8925226-436D-471D-91B9-266149F7EE40}.Release|Mixed Platforms.Build.0 = Release|Windows Phone
		{A8925226-436D-471D-91B9-266149F7EE40}.Release|x86.ActiveCfg = Release|Windows Phone
		{86A406C0-6FF5-4713-9D76-B0726E1BB386}.Debug|Any CPU.ActiveCfg = Debug|x86
		{86A406C0-6FF5-4713-9D76-B0726E1BB386}.Debug|ARM.ActiveCfg = Debug|x86
		{86A406C0-6FF5-4713-9D76-B0726E1BB386}.Debug|iPhone.ActiveCfg = Debug|x86
		{86A406C0-6FF5-4713-9D76-B0726E1BB386}.Debug|iPhoneSimulator.ActiveCfg = Debug|x86
		{86A406C0-6FF5-4713-9D76-B0726E1BB386}.Debug|Mixed Platforms.ActiveCfg = Debug|x86
		{86A406C0-6FF5-4713-9D76-B0726E1BB386}.Debug|Mixed Platforms.Build.0 = Debug|x86
		{86A406C0-6FF5-4713-9D76-B0726E1BB386}.Debug|x86.ActiveCfg = Debug|x86
		{86A406C0-6FF5-4713-9D76-B0726E1BB386}.Debug|x86.Build.0 = Debug|x86
		{86A406C0-6FF5-4713-9D76-B0726E1BB386}.Distribution|Any CPU.ActiveCfg = Debug|x86
		{86A406C0-6FF5-4713-9D76-B0726E1BB386}.Distribution|ARM.ActiveCfg = Debug|x86
		{86A406C0-6FF5-4713-9D76-B0726E1BB386}.Distribution|iPhone.ActiveCfg = Debug|x86
		{86A406C0-6FF5-4713-9D76-B0726E1BB386}.Distribution|iPhoneSimulator.ActiveCfg = Debug|x86
		{86A406C0-6FF5-4713-9D76-B0726E1BB386}.Distribution|Mixed Platforms.ActiveCfg = Debug|x86
		{86A406C0-6FF5-4713-9D76-B0726E1BB386}.Distribution|x86.ActiveCfg = Debug|x86
		{86A406C0-6FF5-4713-9D76-B0726E1BB386}.Distribution|x86.Build.0 = Debug|x86
		{86A406C0-6FF5-4713-9D76-B0726E1BB386}.DistributionEntertainment|Any CPU.ActiveCfg = Debug|x86
		{86A406C0-6FF5-4713-9D76-B0726E1BB386}.DistributionEntertainment|ARM.ActiveCfg = Debug|x86
		{86A406C0-6FF5-4713-9D76-B0726E1BB386}.DistributionEntertainment|iPhone.ActiveCfg = Debug|x86
		{86A406C0-6FF5-4713-9D76-B0726E1BB386}.DistributionEntertainment|iPhoneSimulator.ActiveCfg = Debug|x86
		{86A406C0-6FF5-4713-9D76-B0726E1BB386}.DistributionEntertainment|Mixed Platforms.ActiveCfg = Debug|x86
		{86A406C0-6FF5-4713-9D76-B0726E1BB386}.DistributionEntertainment|x86.ActiveCfg = Debug|x86
		{86A406C0-6FF5-4713-9D76-B0726E1BB386}.DistributionEntertainment|x86.Build.0 = Debug|x86
		{86A406C0-6FF5-4713-9D76-B0726E1BB386}.DistributionGames|Any CPU.ActiveCfg = Debug|x86
		{86A406C0-6FF5-4713-9D76-B0726E1BB386}.DistributionGames|ARM.ActiveCfg = Debug|x86
		{86A406C0-6FF5-4713-9D76-B0726E1BB386}.DistributionGames|iPhone.ActiveCfg = Debug|x86
		{86A406C0-6FF5-4713-9D76-B0726E1BB386}.DistributionGames|iPhoneSimulator.ActiveCfg = Debug|x86
		{86A406C0-6FF5-4713-9D76-B0726E1BB386}.DistributionGames|Mixed Platforms.ActiveCfg = Debug|x86
		{86A406C0-6FF5-4713-9D76-B0726E1BB386}.DistributionGames|x86.ActiveCfg = Debug|x86
		{86A406C0-6FF5-4713-9D76-B0726E1BB386}.DistributionGames|x86.Build.0 = Debug|x86
		{86A406C0-6FF5-4713-9D76-B0726E1BB386}.Release|Any CPU.ActiveCfg = Release|x86
		{86A406C0-6FF5-4713-9D76-B0726E1BB386}.Release|ARM.ActiveCfg = Release|x86
		{86A406C0-6FF5-4713-9D76-B0726E1BB386}.Release|iPhone.ActiveCfg = Debug|x86
		{86A406C0-6FF5-4713-9D76-B0726E1BB386}.Release|iPhoneSimulator.ActiveCfg = Debug|x86
		{86A406C0-6FF5-4713-9D76-B0726E1BB386}.Release|Mixed Platforms.ActiveCfg = Release|x86
		{86A406C0-6FF5-4713-9D76-B0726E1BB386}.Release|Mixed Platforms.Build.0 = Release|x86
		{86A406C0-6FF5-4713-9D76-B0726E1BB386}.Release|x86.ActiveCfg = Release|x86
		{86A406C0-6FF5-4713-9D76-B0726E1BB386}.Release|x86.Build.0 = Release|x86
		{27303D92-F201-4449-956A-DBB33770BE78}.Debug|Any CPU.ActiveCfg = Debug|x86
		{27303D92-F201-4449-956A-DBB33770BE78}.Debug|ARM.ActiveCfg = Debug|x86
		{27303D92-F201-4449-956A-DBB33770BE78}.Debug|iPhone.ActiveCfg = Debug|x86
		{27303D92-F201-4449-956A-DBB33770BE78}.Debug|iPhoneSimulator.ActiveCfg = Debug|x86
		{27303D92-F201-4449-956A-DBB33770BE78}.Debug|Mixed Platforms.ActiveCfg = Debug|x86
		{27303D92-F201-4449-956A-DBB33770BE78}.Debug|x86.ActiveCfg = Debug|x86
		{27303D92-F201-4449-956A-DBB33770BE78}.Distribution|Any CPU.ActiveCfg = Debug|x86
		{27303D92-F201-4449-956A-DBB33770BE78}.Distribution|ARM.ActiveCfg = Debug|x86
		{27303D92-F201-4449-956A-DBB33770BE78}.Distribution|iPhone.ActiveCfg = Debug|x86
		{27303D92-F201-4449-956A-DBB33770BE78}.Distribution|iPhoneSimulator.ActiveCfg = Debug|x86
		{27303D92-F201-4449-956A-DBB33770BE78}.Distribution|Mixed Platforms.ActiveCfg = Debug|x86
		{27303D92-F201-4449-956A-DBB33770BE78}.Distribution|x86.ActiveCfg = Debug|x86
		{27303D92-F201-4449-956A-DBB33770BE78}.DistributionEntertainment|Any CPU.ActiveCfg = Debug|x86
		{27303D92-F201-4449-956A-DBB33770BE78}.DistributionEntertainment|ARM.ActiveCfg = Debug|x86
		{27303D92-F201-4449-956A-DBB33770BE78}.DistributionEntertainment|iPhone.ActiveCfg = Debug|x86
		{27303D92-F201-4449-956A-DBB33770BE78}.DistributionEntertainment|iPhoneSimulator.ActiveCfg = Debug|x86
		{27303D92-F201-4449-956A-DBB33770BE78}.DistributionEntertainment|Mixed Platforms.ActiveCfg = Debug|x86
		{27303D92-F201-4449-956A-DBB33770BE78}.DistributionEntertainment|x86.ActiveCfg = Debug|x86
		{27303D92-F201-4449-956A-DBB33770BE78}.DistributionGames|Any CPU.ActiveCfg = Debug|x86
		{27303D92-F201-4449-956A-DBB33770BE78}.DistributionGames|ARM.ActiveCfg = Debug|x86
		{27303D92-F201-4449-956A-DBB33770BE78}.DistributionGames|iPhone.ActiveCfg = Debug|x86
		{27303D92-F201-4449-956A-DBB33770BE78}.DistributionGames|iPhoneSimulator.ActiveCfg = Debug|x86
		{27303D92-F201-4449-956A-DBB33770BE78}.DistributionGames|Mixed Platforms.ActiveCfg = Debug|x86
		{27303D92-F201-4449-956A-DBB33770BE78}.DistributionGames|x86.ActiveCfg = Debug|x86
		{27303D92-F201-4449-956A-DBB33770BE78}.Release|Any CPU.ActiveCfg = Release|x86
		{27303D92-F201-4449-956A-DBB33770BE78}.Release|ARM.ActiveCfg = Release|x86
		{27303D92-F201-4449-956A-DBB33770BE78}.Release|iPhone.ActiveCfg = Debug|x86
		{27303D92-F201-4449-956A-DBB33770BE78}.Release|iPhoneSimulator.ActiveCfg = Debug|x86
		{27303D92-F201-4449-956A-DBB33770BE78}.Release|Mixed Platforms.ActiveCfg = Release|x86
		{27303D92-F201-4449-956A-DBB33770BE78}.Release|x86.ActiveCfg = Release|x86
		{9CCBB766-0EE1-44F5-A81D-092D184F9ABE}.Debug|Any CPU.ActiveCfg = Debug|x86
		{9CCBB766-0EE1-44F5-A81D-092D184F9ABE}.Debug|ARM.ActiveCfg = Debug|x86
		{9CCBB766-0EE1-44F5-A81D-092D184F9ABE}.Debug|iPhone.ActiveCfg = Debug|x86
		{9CCBB766-0EE1-44F5-A81D-092D184F9ABE}.Debug|iPhoneSimulator.ActiveCfg = Debug|x86
		{9CCBB766-0EE1-44F5-A81D-092D184F9ABE}.Debug|Mixed Platforms.ActiveCfg = Debug|x86
		{9CCBB766-0EE1-44F5-A81D-092D184F9ABE}.Debug|Mixed Platforms.Build.0 = Debug|x86
		{9CCBB766-0EE1-44F5-A81D-092D184F9ABE}.Debug|x86.ActiveCfg = Debug|x86
		{9CCBB766-0EE1-44F5-A81D-092D184F9ABE}.Debug|x86.Build.0 = Debug|x86
		{9CCBB766-0EE1-44F5-A81D-092D184F9ABE}.Distribution|Any CPU.ActiveCfg = Debug|x86
		{9CCBB766-0EE1-44F5-A81D-092D184F9ABE}.Distribution|ARM.ActiveCfg = Debug|x86
		{9CCBB766-0EE1-44F5-A81D-092D184F9ABE}.Distribution|iPhone.ActiveCfg = Debug|x86
		{9CCBB766-0EE1-44F5-A81D-092D184F9ABE}.Distribution|iPhoneSimulator.ActiveCfg = Debug|x86
		{9CCBB766-0EE1-44F5-A81D-092D184F9ABE}.Distribution|Mixed Platforms.ActiveCfg = Debug|x86
		{9CCBB766-0EE1-44F5-A81D-092D184F9ABE}.Distribution|x86.ActiveCfg = Debug|x86
		{9CCBB766-0EE1-44F5-A81D-092D184F9ABE}.Distribution|x86.Build.0 = Debug|x86
		{9CCBB766-0EE1-44F5-A81D-092D184F9ABE}.DistributionEntertainment|Any CPU.ActiveCfg = Debug|x86
		{9CCBB766-0EE1-44F5-A81D-092D184F9ABE}.DistributionEntertainment|ARM.ActiveCfg = Debug|x86
		{9CCBB766-0EE1-44F5-A81D-092D184F9ABE}.DistributionEntertainment|iPhone.ActiveCfg = Debug|x86
		{9CCBB766-0EE1-44F5-A81D-092D184F9ABE}.DistributionEntertainment|iPhoneSimulator.ActiveCfg = Debug|x86
		{9CCBB766-0EE1-44F5-A81D-092D184F9ABE}.DistributionEntertainment|Mixed Platforms.ActiveCfg = Debug|x86
		{9CCBB766-0EE1-44F5-A81D-092D184F9ABE}.DistributionEntertainment|x86.ActiveCfg = Debug|x86
		{9CCBB766-0EE1-44F5-A81D-092D184F9ABE}.DistributionEntertainment|x86.Build.0 = Debug|x86
		{9CCBB766-0EE1-44F5-A81D-092D184F9ABE}.DistributionGames|Any CPU.ActiveCfg = Debug|x86
		{9CCBB766-0EE1-44F5-A81D-092D184F9ABE}.DistributionGames|ARM.ActiveCfg = Debug|x86
		{9CCBB766-0EE1-44F5-A81D-092D184F9ABE}.DistributionGames|iPhone.ActiveCfg = Debug|x86
		{9CCBB766-0EE1-44F5-A81D-092D184F9ABE}.DistributionGames|iPhoneSimulator.ActiveCfg = Debug|x86
		{9CCBB766-0EE1-44F5-A81D-092D184F9ABE}.DistributionGames|Mixed Platforms.ActiveCfg = Debug|x86
		{9CCBB766-0EE1-44F5-A81D-092D184F9ABE}.DistributionGames|x86.ActiveCfg = Debug|x86
		{9CCBB766-0EE1-44F5-A81D-092D184F9ABE}.DistributionGames|x86.Build.0 = Debug|x86
		{9CCBB766-0EE1-44F5-A81D-092D184F9ABE}.Release|Any CPU.ActiveCfg = Release|x86
		{9CCBB766-0EE1-44F5-A81D-092D184F9ABE}.Release|ARM.ActiveCfg = Release|x86
		{9CCBB766-0EE1-44F5-A81D-092D184F9ABE}.Release|iPhone.ActiveCfg = Debug|x86
		{9CCBB766-0EE1-44F5-A81D-092D184F9ABE}.Release|iPhoneSimulator.ActiveCfg = Debug|x86
		{9CCBB766-0EE1-44F5-A81D-092D184F9ABE}.Release|Mixed Platforms.ActiveCfg = Release|x86
		{9CCBB766-0EE1-44F5-A81D-092D184F9ABE}.Release|Mixed Platforms.Build.0 = Release|x86
		{9CCBB766-0EE1-44F5-A81D-092D184F9ABE}.Release|x86.ActiveCfg = Release|x86
		{9CCBB766-0EE1-44F5-A81D-092D184F9ABE}.Release|x86.Build.0 = Release|x86
		{131C2DED-BA24-4D41-A7E8-6DEEF564DF5A}.Debug|Any CPU.ActiveCfg = Debug|Any CPU
		{131C2DED-BA24-4D41-A7E8-6DEEF564DF5A}.Debug|Any CPU.Build.0 = Debug|Any CPU
		{131C2DED-BA24-4D41-A7E8-6DEEF564DF5A}.Debug|ARM.ActiveCfg = Debug|Any CPU
		{131C2DED-BA24-4D41-A7E8-6DEEF564DF5A}.Debug|iPhone.ActiveCfg = Debug|Any CPU
		{131C2DED-BA24-4D41-A7E8-6DEEF564DF5A}.Debug|iPhoneSimulator.ActiveCfg = Debug|Any CPU
		{131C2DED-BA24-4D41-A7E8-6DEEF564DF5A}.Debug|Mixed Platforms.ActiveCfg = Debug|Any CPU
		{131C2DED-BA24-4D41-A7E8-6DEEF564DF5A}.Debug|Mixed Platforms.Build.0 = Debug|Any CPU
		{131C2DED-BA24-4D41-A7E8-6DEEF564DF5A}.Debug|x86.ActiveCfg = Debug|Any CPU
		{131C2DED-BA24-4D41-A7E8-6DEEF564DF5A}.Distribution|Any CPU.ActiveCfg = Debug|Any CPU
		{131C2DED-BA24-4D41-A7E8-6DEEF564DF5A}.Distribution|Any CPU.Build.0 = Debug|Any CPU
		{131C2DED-BA24-4D41-A7E8-6DEEF564DF5A}.Distribution|ARM.ActiveCfg = Debug|Any CPU
		{131C2DED-BA24-4D41-A7E8-6DEEF564DF5A}.Distribution|iPhone.ActiveCfg = Debug|Any CPU
		{131C2DED-BA24-4D41-A7E8-6DEEF564DF5A}.Distribution|iPhoneSimulator.ActiveCfg = Debug|Any CPU
		{131C2DED-BA24-4D41-A7E8-6DEEF564DF5A}.Distribution|Mixed Platforms.ActiveCfg = Debug|Any CPU
		{131C2DED-BA24-4D41-A7E8-6DEEF564DF5A}.Distribution|x86.ActiveCfg = Debug|Any CPU
		{131C2DED-BA24-4D41-A7E8-6DEEF564DF5A}.DistributionEntertainment|Any CPU.ActiveCfg = Debug|Any CPU
		{131C2DED-BA24-4D41-A7E8-6DEEF564DF5A}.DistributionEntertainment|Any CPU.Build.0 = Debug|Any CPU
		{131C2DED-BA24-4D41-A7E8-6DEEF564DF5A}.DistributionEntertainment|ARM.ActiveCfg = Debug|Any CPU
		{131C2DED-BA24-4D41-A7E8-6DEEF564DF5A}.DistributionEntertainment|iPhone.ActiveCfg = Debug|Any CPU
		{131C2DED-BA24-4D41-A7E8-6DEEF564DF5A}.DistributionEntertainment|iPhoneSimulator.ActiveCfg = Debug|Any CPU
		{131C2DED-BA24-4D41-A7E8-6DEEF564DF5A}.DistributionEntertainment|Mixed Platforms.ActiveCfg = Debug|Any CPU
		{131C2DED-BA24-4D41-A7E8-6DEEF564DF5A}.DistributionEntertainment|x86.ActiveCfg = Debug|Any CPU
		{131C2DED-BA24-4D41-A7E8-6DEEF564DF5A}.DistributionGames|Any CPU.ActiveCfg = Debug|Any CPU
		{131C2DED-BA24-4D41-A7E8-6DEEF564DF5A}.DistributionGames|Any CPU.Build.0 = Debug|Any CPU
		{131C2DED-BA24-4D41-A7E8-6DEEF564DF5A}.DistributionGames|ARM.ActiveCfg = Debug|Any CPU
		{131C2DED-BA24-4D41-A7E8-6DEEF564DF5A}.DistributionGames|iPhone.ActiveCfg = Debug|Any CPU
		{131C2DED-BA24-4D41-A7E8-6DEEF564DF5A}.DistributionGames|iPhoneSimulator.ActiveCfg = Debug|Any CPU
		{131C2DED-BA24-4D41-A7E8-6DEEF564DF5A}.DistributionGames|Mixed Platforms.ActiveCfg = Debug|Any CPU
		{131C2DED-BA24-4D41-A7E8-6DEEF564DF5A}.DistributionGames|x86.ActiveCfg = Debug|Any CPU
		{131C2DED-BA24-4D41-A7E8-6DEEF564DF5A}.Release|Any CPU.ActiveCfg = Release|Any CPU
		{131C2DED-BA24-4D41-A7E8-6DEEF564DF5A}.Release|Any CPU.Build.0 = Release|Any CPU
		{131C2DED-BA24-4D41-A7E8-6DEEF564DF5A}.Release|ARM.ActiveCfg = Release|Any CPU
		{131C2DED-BA24-4D41-A7E8-6DEEF564DF5A}.Release|iPhone.ActiveCfg = Debug|Any CPU
		{131C2DED-BA24-4D41-A7E8-6DEEF564DF5A}.Release|iPhoneSimulator.ActiveCfg = Debug|Any CPU
		{131C2DED-BA24-4D41-A7E8-6DEEF564DF5A}.Release|Mixed Platforms.ActiveCfg = Release|Any CPU
		{131C2DED-BA24-4D41-A7E8-6DEEF564DF5A}.Release|Mixed Platforms.Build.0 = Release|Any CPU
		{131C2DED-BA24-4D41-A7E8-6DEEF564DF5A}.Release|x86.ActiveCfg = Release|Any CPU
		{CCCF9F01-8866-4077-B971-5B659D28444A}.Debug|Any CPU.ActiveCfg = Debug|x86
		{CCCF9F01-8866-4077-B971-5B659D28444A}.Debug|ARM.ActiveCfg = Debug|ARM
		{CCCF9F01-8866-4077-B971-5B659D28444A}.Debug|ARM.Build.0 = Debug|ARM
		{CCCF9F01-8866-4077-B971-5B659D28444A}.Debug|iPhone.ActiveCfg = Debug|x86
		{CCCF9F01-8866-4077-B971-5B659D28444A}.Debug|iPhoneSimulator.ActiveCfg = Debug|x86
		{CCCF9F01-8866-4077-B971-5B659D28444A}.Debug|Mixed Platforms.ActiveCfg = Debug|x86
		{CCCF9F01-8866-4077-B971-5B659D28444A}.Debug|Mixed Platforms.Build.0 = Debug|x86
		{CCCF9F01-8866-4077-B971-5B659D28444A}.Debug|x86.ActiveCfg = Debug|x86
		{CCCF9F01-8866-4077-B971-5B659D28444A}.Distribution|Any CPU.ActiveCfg = Debug|x86
		{CCCF9F01-8866-4077-B971-5B659D28444A}.Distribution|ARM.ActiveCfg = Debug|ARM
		{CCCF9F01-8866-4077-B971-5B659D28444A}.Distribution|ARM.Build.0 = Debug|ARM
		{CCCF9F01-8866-4077-B971-5B659D28444A}.Distribution|iPhone.ActiveCfg = Debug|x86
		{CCCF9F01-8866-4077-B971-5B659D28444A}.Distribution|iPhoneSimulator.ActiveCfg = Debug|x86
		{CCCF9F01-8866-4077-B971-5B659D28444A}.Distribution|Mixed Platforms.ActiveCfg = Debug|x86
		{CCCF9F01-8866-4077-B971-5B659D28444A}.Distribution|x86.ActiveCfg = Debug|x86
		{CCCF9F01-8866-4077-B971-5B659D28444A}.DistributionEntertainment|Any CPU.ActiveCfg = Debug|x86
		{CCCF9F01-8866-4077-B971-5B659D28444A}.DistributionEntertainment|ARM.ActiveCfg = Debug|ARM
		{CCCF9F01-8866-4077-B971-5B659D28444A}.DistributionEntertainment|ARM.Build.0 = Debug|ARM
		{CCCF9F01-8866-4077-B971-5B659D28444A}.DistributionEntertainment|iPhone.ActiveCfg = Debug|x86
		{CCCF9F01-8866-4077-B971-5B659D28444A}.DistributionEntertainment|iPhoneSimulator.ActiveCfg = Debug|x86
		{CCCF9F01-8866-4077-B971-5B659D28444A}.DistributionEntertainment|Mixed Platforms.ActiveCfg = Debug|x86
		{CCCF9F01-8866-4077-B971-5B659D28444A}.DistributionEntertainment|x86.ActiveCfg = Debug|x86
		{CCCF9F01-8866-4077-B971-5B659D28444A}.DistributionGames|Any CPU.ActiveCfg = Debug|x86
		{CCCF9F01-8866-4077-B971-5B659D28444A}.DistributionGames|ARM.ActiveCfg = Debug|ARM
		{CCCF9F01-8866-4077-B971-5B659D28444A}.DistributionGames|ARM.Build.0 = Debug|ARM
		{CCCF9F01-8866-4077-B971-5B659D28444A}.DistributionGames|iPhone.ActiveCfg = Debug|x86
		{CCCF9F01-8866-4077-B971-5B659D28444A}.DistributionGames|iPhoneSimulator.ActiveCfg = Debug|x86
		{CCCF9F01-8866-4077-B971-5B659D28444A}.DistributionGames|Mixed Platforms.ActiveCfg = Debug|x86
		{CCCF9F01-8866-4077-B971-5B659D28444A}.DistributionGames|x86.ActiveCfg = Debug|x86
		{CCCF9F01-8866-4077-B971-5B659D28444A}.Release|Any CPU.ActiveCfg = Release|x86
		{CCCF9F01-8866-4077-B971-5B659D28444A}.Release|ARM.ActiveCfg = Release|ARM
		{CCCF9F01-8866-4077-B971-5B659D28444A}.Release|ARM.Build.0 = Release|ARM
		{CCCF9F01-8866-4077-B971-5B659D28444A}.Release|iPhone.ActiveCfg = Debug|x86
		{CCCF9F01-8866-4077-B971-5B659D28444A}.Release|iPhoneSimulator.ActiveCfg = Debug|x86
		{CCCF9F01-8866-4077-B971-5B659D28444A}.Release|Mixed Platforms.ActiveCfg = Release|x86
		{CCCF9F01-8866-4077-B971-5B659D28444A}.Release|Mixed Platforms.Build.0 = Release|x86
		{CCCF9F01-8866-4077-B971-5B659D28444A}.Release|x86.ActiveCfg = Release|x86
		{0518563C-ACCA-4A14-8C5D-DDBE93E2605F}.Debug|Any CPU.ActiveCfg = Debug|Any CPU
		{0518563C-ACCA-4A14-8C5D-DDBE93E2605F}.Debug|ARM.ActiveCfg = Debug|ARM
		{0518563C-ACCA-4A14-8C5D-DDBE93E2605F}.Debug|ARM.Build.0 = Debug|ARM
		{0518563C-ACCA-4A14-8C5D-DDBE93E2605F}.Debug|iPhone.ActiveCfg = Debug|Any CPU
		{0518563C-ACCA-4A14-8C5D-DDBE93E2605F}.Debug|iPhoneSimulator.ActiveCfg = Debug|Any CPU
		{0518563C-ACCA-4A14-8C5D-DDBE93E2605F}.Debug|Mixed Platforms.ActiveCfg = Debug|Any CPU
		{0518563C-ACCA-4A14-8C5D-DDBE93E2605F}.Debug|Mixed Platforms.Build.0 = Debug|Any CPU
		{0518563C-ACCA-4A14-8C5D-DDBE93E2605F}.Debug|x86.ActiveCfg = Debug|Any CPU
		{0518563C-ACCA-4A14-8C5D-DDBE93E2605F}.Distribution|Any CPU.ActiveCfg = Debug|Any CPU
		{0518563C-ACCA-4A14-8C5D-DDBE93E2605F}.Distribution|ARM.ActiveCfg = Debug|ARM
		{0518563C-ACCA-4A14-8C5D-DDBE93E2605F}.Distribution|ARM.Build.0 = Debug|ARM
		{0518563C-ACCA-4A14-8C5D-DDBE93E2605F}.Distribution|iPhone.ActiveCfg = Debug|Any CPU
		{0518563C-ACCA-4A14-8C5D-DDBE93E2605F}.Distribution|iPhoneSimulator.ActiveCfg = Debug|Any CPU
		{0518563C-ACCA-4A14-8C5D-DDBE93E2605F}.Distribution|Mixed Platforms.ActiveCfg = Debug|Any CPU
		{0518563C-ACCA-4A14-8C5D-DDBE93E2605F}.Distribution|x86.ActiveCfg = Debug|Any CPU
		{0518563C-ACCA-4A14-8C5D-DDBE93E2605F}.DistributionEntertainment|Any CPU.ActiveCfg = Debug|Any CPU
		{0518563C-ACCA-4A14-8C5D-DDBE93E2605F}.DistributionEntertainment|ARM.ActiveCfg = Debug|ARM
		{0518563C-ACCA-4A14-8C5D-DDBE93E2605F}.DistributionEntertainment|ARM.Build.0 = Debug|ARM
		{0518563C-ACCA-4A14-8C5D-DDBE93E2605F}.DistributionEntertainment|iPhone.ActiveCfg = Debug|Any CPU
		{0518563C-ACCA-4A14-8C5D-DDBE93E2605F}.DistributionEntertainment|iPhoneSimulator.ActiveCfg = Debug|Any CPU
		{0518563C-ACCA-4A14-8C5D-DDBE93E2605F}.DistributionEntertainment|Mixed Platforms.ActiveCfg = Debug|Any CPU
		{0518563C-ACCA-4A14-8C5D-DDBE93E2605F}.DistributionEntertainment|x86.ActiveCfg = Debug|Any CPU
		{0518563C-ACCA-4A14-8C5D-DDBE93E2605F}.DistributionGames|Any CPU.ActiveCfg = Debug|Any CPU
		{0518563C-ACCA-4A14-8C5D-DDBE93E2605F}.DistributionGames|ARM.ActiveCfg = Debug|ARM
		{0518563C-ACCA-4A14-8C5D-DDBE93E2605F}.DistributionGames|ARM.Build.0 = Debug|ARM
		{0518563C-ACCA-4A14-8C5D-DDBE93E2605F}.DistributionGames|iPhone.ActiveCfg = Debug|Any CPU
		{0518563C-ACCA-4A14-8C5D-DDBE93E2605F}.DistributionGames|iPhoneSimulator.ActiveCfg = Debug|Any CPU
		{0518563C-ACCA-4A14-8C5D-DDBE93E2605F}.DistributionGames|Mixed Platforms.ActiveCfg = Debug|Any CPU
		{0518563C-ACCA-4A14-8C5D-DDBE93E2605F}.DistributionGames|x86.ActiveCfg = Debug|Any CPU
		{0518563C-ACCA-4A14-8C5D-DDBE93E2605F}.Release|Any CPU.ActiveCfg = Release|Any CPU
		{0518563C-ACCA-4A14-8C5D-DDBE93E2605F}.Release|ARM.ActiveCfg = Release|ARM
		{0518563C-ACCA-4A14-8C5D-DDBE93E2605F}.Release|ARM.Build.0 = Release|ARM
		{0518563C-ACCA-4A14-8C5D-DDBE93E2605F}.Release|iPhone.ActiveCfg = Debug|Any CPU
		{0518563C-ACCA-4A14-8C5D-DDBE93E2605F}.Release|iPhoneSimulator.ActiveCfg = Debug|Any CPU
		{0518563C-ACCA-4A14-8C5D-DDBE93E2605F}.Release|Mixed Platforms.ActiveCfg = Release|Any CPU
		{0518563C-ACCA-4A14-8C5D-DDBE93E2605F}.Release|Mixed Platforms.Build.0 = Release|Any CPU
		{0518563C-ACCA-4A14-8C5D-DDBE93E2605F}.Release|x86.ActiveCfg = Release|Any CPU
		{C07C1BAD-FC7A-4483-9E1C-B049F58D48AC}.Debug|Any CPU.ActiveCfg = Debug|iPhoneSimulator
		{C07C1BAD-FC7A-4483-9E1C-B049F58D48AC}.Debug|ARM.ActiveCfg = Debug|iPhone
		{C07C1BAD-FC7A-4483-9E1C-B049F58D48AC}.Debug|iPhone.ActiveCfg = Debug|iPhone
		{C07C1BAD-FC7A-4483-9E1C-B049F58D48AC}.Debug|iPhone.Build.0 = Debug|iPhone
		{C07C1BAD-FC7A-4483-9E1C-B049F58D48AC}.Debug|iPhoneSimulator.ActiveCfg = Debug|iPhoneSimulator
		{C07C1BAD-FC7A-4483-9E1C-B049F58D48AC}.Debug|iPhoneSimulator.Build.0 = Debug|iPhoneSimulator
		{C07C1BAD-FC7A-4483-9E1C-B049F58D48AC}.Debug|Mixed Platforms.ActiveCfg = Debug|iPhoneSimulator
		{C07C1BAD-FC7A-4483-9E1C-B049F58D48AC}.Debug|Mixed Platforms.Build.0 = Debug|iPhoneSimulator
		{C07C1BAD-FC7A-4483-9E1C-B049F58D48AC}.Debug|x86.ActiveCfg = Debug|iPhone
		{C07C1BAD-FC7A-4483-9E1C-B049F58D48AC}.Distribution|Any CPU.ActiveCfg = Distribution|iPhoneSimulator
		{C07C1BAD-FC7A-4483-9E1C-B049F58D48AC}.Distribution|ARM.ActiveCfg = Distribution|iPhone
		{C07C1BAD-FC7A-4483-9E1C-B049F58D48AC}.Distribution|iPhone.ActiveCfg = Distribution|iPhone
		{C07C1BAD-FC7A-4483-9E1C-B049F58D48AC}.Distribution|iPhone.Build.0 = Distribution|iPhone
		{C07C1BAD-FC7A-4483-9E1C-B049F58D48AC}.Distribution|iPhoneSimulator.ActiveCfg = Distribution|iPhoneSimulator
		{C07C1BAD-FC7A-4483-9E1C-B049F58D48AC}.Distribution|iPhoneSimulator.Build.0 = Distribution|iPhoneSimulator
		{C07C1BAD-FC7A-4483-9E1C-B049F58D48AC}.Distribution|Mixed Platforms.ActiveCfg = Distribution|iPhoneSimulator
		{C07C1BAD-FC7A-4483-9E1C-B049F58D48AC}.Distribution|x86.ActiveCfg = Distribution|iPhone
		{C07C1BAD-FC7A-4483-9E1C-B049F58D48AC}.DistributionEntertainment|Any CPU.ActiveCfg = Distribution|iPhone
		{C07C1BAD-FC7A-4483-9E1C-B049F58D48AC}.DistributionEntertainment|ARM.ActiveCfg = Distribution|iPhone
		{C07C1BAD-FC7A-4483-9E1C-B049F58D48AC}.DistributionEntertainment|iPhone.ActiveCfg = Distribution|iPhone
		{C07C1BAD-FC7A-4483-9E1C-B049F58D48AC}.DistributionEntertainment|iPhone.Build.0 = Distribution|iPhone
		{C07C1BAD-FC7A-4483-9E1C-B049F58D48AC}.DistributionEntertainment|iPhoneSimulator.ActiveCfg = Distribution|iPhone
		{C07C1BAD-FC7A-4483-9E1C-B049F58D48AC}.DistributionEntertainment|Mixed Platforms.ActiveCfg = Distribution|iPhone
		{C07C1BAD-FC7A-4483-9E1C-B049F58D48AC}.DistributionEntertainment|Mixed Platforms.Build.0 = Distribution|iPhone
		{C07C1BAD-FC7A-4483-9E1C-B049F58D48AC}.DistributionEntertainment|x86.ActiveCfg = Distribution|iPhone
		{C07C1BAD-FC7A-4483-9E1C-B049F58D48AC}.DistributionGames|Any CPU.ActiveCfg = Distribution|iPhone
		{C07C1BAD-FC7A-4483-9E1C-B049F58D48AC}.DistributionGames|ARM.ActiveCfg = Distribution|iPhone
		{C07C1BAD-FC7A-4483-9E1C-B049F58D48AC}.DistributionGames|iPhone.ActiveCfg = Distribution|iPhone
		{C07C1BAD-FC7A-4483-9E1C-B049F58D48AC}.DistributionGames|iPhone.Build.0 = Distribution|iPhone
		{C07C1BAD-FC7A-4483-9E1C-B049F58D48AC}.DistributionGames|iPhoneSimulator.ActiveCfg = Distribution|iPhone
		{C07C1BAD-FC7A-4483-9E1C-B049F58D48AC}.DistributionGames|Mixed Platforms.ActiveCfg = Distribution|iPhone
		{C07C1BAD-FC7A-4483-9E1C-B049F58D48AC}.DistributionGames|Mixed Platforms.Build.0 = Distribution|iPhone
		{C07C1BAD-FC7A-4483-9E1C-B049F58D48AC}.DistributionGames|x86.ActiveCfg = Distribution|iPhone
		{C07C1BAD-FC7A-4483-9E1C-B049F58D48AC}.Release|Any CPU.ActiveCfg = Release|iPhoneSimulator
		{C07C1BAD-FC7A-4483-9E1C-B049F58D48AC}.Release|ARM.ActiveCfg = Release|iPhone
		{C07C1BAD-FC7A-4483-9E1C-B049F58D48AC}.Release|iPhone.ActiveCfg = Release|iPhone
		{C07C1BAD-FC7A-4483-9E1C-B049F58D48AC}.Release|iPhone.Build.0 = Release|iPhone
		{C07C1BAD-FC7A-4483-9E1C-B049F58D48AC}.Release|iPhoneSimulator.ActiveCfg = Release|iPhoneSimulator
		{C07C1BAD-FC7A-4483-9E1C-B049F58D48AC}.Release|iPhoneSimulator.Build.0 = Release|iPhoneSimulator
		{C07C1BAD-FC7A-4483-9E1C-B049F58D48AC}.Release|Mixed Platforms.ActiveCfg = Release|iPhoneSimulator
		{C07C1BAD-FC7A-4483-9E1C-B049F58D48AC}.Release|Mixed Platforms.Build.0 = Release|iPhoneSimulator
		{C07C1BAD-FC7A-4483-9E1C-B049F58D48AC}.Release|x86.ActiveCfg = Release|iPhone
		{9EA757C3-F52A-4478-88D5-42B205DC56E7}.Debug|Any CPU.ActiveCfg = Debug|Any CPU
		{9EA757C3-F52A-4478-88D5-42B205DC56E7}.Debug|Any CPU.Build.0 = Debug|Any CPU
		{9EA757C3-F52A-4478-88D5-42B205DC56E7}.Debug|ARM.ActiveCfg = Debug|Any CPU
		{9EA757C3-F52A-4478-88D5-42B205DC56E7}.Debug|iPhone.ActiveCfg = Debug|Any CPU
		{9EA757C3-F52A-4478-88D5-42B205DC56E7}.Debug|iPhoneSimulator.ActiveCfg = Debug|Any CPU
		{9EA757C3-F52A-4478-88D5-42B205DC56E7}.Debug|Mixed Platforms.ActiveCfg = Debug|Any CPU
		{9EA757C3-F52A-4478-88D5-42B205DC56E7}.Debug|Mixed Platforms.Build.0 = Debug|Any CPU
		{9EA757C3-F52A-4478-88D5-42B205DC56E7}.Debug|x86.ActiveCfg = Debug|Any CPU
		{9EA757C3-F52A-4478-88D5-42B205DC56E7}.Distribution|Any CPU.ActiveCfg = Debug|Any CPU
		{9EA757C3-F52A-4478-88D5-42B205DC56E7}.Distribution|Any CPU.Build.0 = Debug|Any CPU
		{9EA757C3-F52A-4478-88D5-42B205DC56E7}.Distribution|ARM.ActiveCfg = Debug|Any CPU
		{9EA757C3-F52A-4478-88D5-42B205DC56E7}.Distribution|iPhone.ActiveCfg = Debug|Any CPU
		{9EA757C3-F52A-4478-88D5-42B205DC56E7}.Distribution|iPhoneSimulator.ActiveCfg = Debug|Any CPU
		{9EA757C3-F52A-4478-88D5-42B205DC56E7}.Distribution|Mixed Platforms.ActiveCfg = Debug|Any CPU
		{9EA757C3-F52A-4478-88D5-42B205DC56E7}.Distribution|Mixed Platforms.Build.0 = Debug|Any CPU
		{9EA757C3-F52A-4478-88D5-42B205DC56E7}.Distribution|x86.ActiveCfg = Debug|Any CPU
		{9EA757C3-F52A-4478-88D5-42B205DC56E7}.DistributionEntertainment|Any CPU.ActiveCfg = Debug|Any CPU
		{9EA757C3-F52A-4478-88D5-42B205DC56E7}.DistributionEntertainment|Any CPU.Build.0 = Debug|Any CPU
		{9EA757C3-F52A-4478-88D5-42B205DC56E7}.DistributionEntertainment|ARM.ActiveCfg = Debug|Any CPU
		{9EA757C3-F52A-4478-88D5-42B205DC56E7}.DistributionEntertainment|iPhone.ActiveCfg = Debug|Any CPU
		{9EA757C3-F52A-4478-88D5-42B205DC56E7}.DistributionEntertainment|iPhoneSimulator.ActiveCfg = Debug|Any CPU
		{9EA757C3-F52A-4478-88D5-42B205DC56E7}.DistributionEntertainment|Mixed Platforms.ActiveCfg = Debug|Any CPU
		{9EA757C3-F52A-4478-88D5-42B205DC56E7}.DistributionEntertainment|Mixed Platforms.Build.0 = Debug|Any CPU
		{9EA757C3-F52A-4478-88D5-42B205DC56E7}.DistributionEntertainment|x86.ActiveCfg = Debug|Any CPU
		{9EA757C3-F52A-4478-88D5-42B205DC56E7}.DistributionGames|Any CPU.ActiveCfg = Debug|Any CPU
		{9EA757C3-F52A-4478-88D5-42B205DC56E7}.DistributionGames|Any CPU.Build.0 = Debug|Any CPU
		{9EA757C3-F52A-4478-88D5-42B205DC56E7}.DistributionGames|ARM.ActiveCfg = Debug|Any CPU
		{9EA757C3-F52A-4478-88D5-42B205DC56E7}.DistributionGames|iPhone.ActiveCfg = Debug|Any CPU
		{9EA757C3-F52A-4478-88D5-42B205DC56E7}.DistributionGames|iPhoneSimulator.ActiveCfg = Debug|Any CPU
		{9EA757C3-F52A-4478-88D5-42B205DC56E7}.DistributionGames|Mixed Platforms.ActiveCfg = Debug|Any CPU
		{9EA757C3-F52A-4478-88D5-42B205DC56E7}.DistributionGames|Mixed Platforms.Build.0 = Debug|Any CPU
		{9EA757C3-F52A-4478-88D5-42B205DC56E7}.DistributionGames|x86.ActiveCfg = Debug|Any CPU
		{9EA757C3-F52A-4478-88D5-42B205DC56E7}.Release|Any CPU.ActiveCfg = Release|Any CPU
		{9EA757C3-F52A-4478-88D5-42B205DC56E7}.Release|Any CPU.Build.0 = Release|Any CPU
		{9EA757C3-F52A-4478-88D5-42B205DC56E7}.Release|ARM.ActiveCfg = Release|Any CPU
		{9EA757C3-F52A-4478-88D5-42B205DC56E7}.Release|iPhone.ActiveCfg = Release|Any CPU
		{9EA757C3-F52A-4478-88D5-42B205DC56E7}.Release|iPhoneSimulator.ActiveCfg = Release|Any CPU
		{9EA757C3-F52A-4478-88D5-42B205DC56E7}.Release|Mixed Platforms.ActiveCfg = Release|Any CPU
		{9EA757C3-F52A-4478-88D5-42B205DC56E7}.Release|Mixed Platforms.Build.0 = Release|Any CPU
		{9EA757C3-F52A-4478-88D5-42B205DC56E7}.Release|x86.ActiveCfg = Release|Any CPU
		{8D47FFF9-E5E0-4A74-92FC-3DA0B28C8674}.Debug|Any CPU.ActiveCfg = Debug|Any CPU
		{8D47FFF9-E5E0-4A74-92FC-3DA0B28C8674}.Debug|Any CPU.Build.0 = Debug|Any CPU
		{8D47FFF9-E5E0-4A74-92FC-3DA0B28C8674}.Debug|ARM.ActiveCfg = Debug|ARM
		{8D47FFF9-E5E0-4A74-92FC-3DA0B28C8674}.Debug|ARM.Build.0 = Debug|ARM
		{8D47FFF9-E5E0-4A74-92FC-3DA0B28C8674}.Debug|iPhone.ActiveCfg = Debug|Any CPU
		{8D47FFF9-E5E0-4A74-92FC-3DA0B28C8674}.Debug|iPhoneSimulator.ActiveCfg = Debug|Any CPU
		{8D47FFF9-E5E0-4A74-92FC-3DA0B28C8674}.Debug|Mixed Platforms.ActiveCfg = Debug|x86
		{8D47FFF9-E5E0-4A74-92FC-3DA0B28C8674}.Debug|Mixed Platforms.Build.0 = Debug|x86
		{8D47FFF9-E5E0-4A74-92FC-3DA0B28C8674}.Debug|x86.ActiveCfg = Debug|x86
		{8D47FFF9-E5E0-4A74-92FC-3DA0B28C8674}.Debug|x86.Build.0 = Debug|x86
		{8D47FFF9-E5E0-4A74-92FC-3DA0B28C8674}.Distribution|Any CPU.ActiveCfg = Debug|Any CPU
		{8D47FFF9-E5E0-4A74-92FC-3DA0B28C8674}.Distribution|Any CPU.Build.0 = Debug|Any CPU
		{8D47FFF9-E5E0-4A74-92FC-3DA0B28C8674}.Distribution|ARM.ActiveCfg = Debug|ARM
		{8D47FFF9-E5E0-4A74-92FC-3DA0B28C8674}.Distribution|ARM.Build.0 = Debug|ARM
		{8D47FFF9-E5E0-4A74-92FC-3DA0B28C8674}.Distribution|iPhone.ActiveCfg = Debug|Any CPU
		{8D47FFF9-E5E0-4A74-92FC-3DA0B28C8674}.Distribution|iPhoneSimulator.ActiveCfg = Debug|Any CPU
		{8D47FFF9-E5E0-4A74-92FC-3DA0B28C8674}.Distribution|Mixed Platforms.ActiveCfg = Debug|x86
		{8D47FFF9-E5E0-4A74-92FC-3DA0B28C8674}.Distribution|Mixed Platforms.Build.0 = Debug|x86
		{8D47FFF9-E5E0-4A74-92FC-3DA0B28C8674}.Distribution|x86.ActiveCfg = Debug|x86
		{8D47FFF9-E5E0-4A74-92FC-3DA0B28C8674}.Distribution|x86.Build.0 = Debug|x86
		{8D47FFF9-E5E0-4A74-92FC-3DA0B28C8674}.DistributionEntertainment|Any CPU.ActiveCfg = Debug|Any CPU
		{8D47FFF9-E5E0-4A74-92FC-3DA0B28C8674}.DistributionEntertainment|Any CPU.Build.0 = Debug|Any CPU
		{8D47FFF9-E5E0-4A74-92FC-3DA0B28C8674}.DistributionEntertainment|ARM.ActiveCfg = Debug|ARM
		{8D47FFF9-E5E0-4A74-92FC-3DA0B28C8674}.DistributionEntertainment|ARM.Build.0 = Debug|ARM
		{8D47FFF9-E5E0-4A74-92FC-3DA0B28C8674}.DistributionEntertainment|iPhone.ActiveCfg = Debug|Any CPU
		{8D47FFF9-E5E0-4A74-92FC-3DA0B28C8674}.DistributionEntertainment|iPhoneSimulator.ActiveCfg = Debug|Any CPU
		{8D47FFF9-E5E0-4A74-92FC-3DA0B28C8674}.DistributionEntertainment|Mixed Platforms.ActiveCfg = Debug|x86
		{8D47FFF9-E5E0-4A74-92FC-3DA0B28C8674}.DistributionEntertainment|Mixed Platforms.Build.0 = Debug|x86
		{8D47FFF9-E5E0-4A74-92FC-3DA0B28C8674}.DistributionEntertainment|x86.ActiveCfg = Debug|x86
		{8D47FFF9-E5E0-4A74-92FC-3DA0B28C8674}.DistributionEntertainment|x86.Build.0 = Debug|x86
		{8D47FFF9-E5E0-4A74-92FC-3DA0B28C8674}.DistributionGames|Any CPU.ActiveCfg = Debug|Any CPU
		{8D47FFF9-E5E0-4A74-92FC-3DA0B28C8674}.DistributionGames|Any CPU.Build.0 = Debug|Any CPU
		{8D47FFF9-E5E0-4A74-92FC-3DA0B28C8674}.DistributionGames|ARM.ActiveCfg = Debug|ARM
		{8D47FFF9-E5E0-4A74-92FC-3DA0B28C8674}.DistributionGames|ARM.Build.0 = Debug|ARM
		{8D47FFF9-E5E0-4A74-92FC-3DA0B28C8674}.DistributionGames|iPhone.ActiveCfg = Debug|Any CPU
		{8D47FFF9-E5E0-4A74-92FC-3DA0B28C8674}.DistributionGames|iPhoneSimulator.ActiveCfg = Debug|Any CPU
		{8D47FFF9-E5E0-4A74-92FC-3DA0B28C8674}.DistributionGames|Mixed Platforms.ActiveCfg = Debug|x86
		{8D47FFF9-E5E0-4A74-92FC-3DA0B28C8674}.DistributionGames|Mixed Platforms.Build.0 = Debug|x86
		{8D47FFF9-E5E0-4A74-92FC-3DA0B28C8674}.DistributionGames|x86.ActiveCfg = Debug|x86
		{8D47FFF9-E5E0-4A74-92FC-3DA0B28C8674}.DistributionGames|x86.Build.0 = Debug|x86
		{8D47FFF9-E5E0-4A74-92FC-3DA0B28C8674}.Release|Any CPU.ActiveCfg = Release|Any CPU
		{8D47FFF9-E5E0-4A74-92FC-3DA0B28C8674}.Release|Any CPU.Build.0 = Release|Any CPU
		{8D47FFF9-E5E0-4A74-92FC-3DA0B28C8674}.Release|ARM.ActiveCfg = Release|ARM
		{8D47FFF9-E5E0-4A74-92FC-3DA0B28C8674}.Release|ARM.Build.0 = Release|ARM
		{8D47FFF9-E5E0-4A74-92FC-3DA0B28C8674}.Release|iPhone.ActiveCfg = Release|Any CPU
		{8D47FFF9-E5E0-4A74-92FC-3DA0B28C8674}.Release|iPhoneSimulator.ActiveCfg = Release|Any CPU
		{8D47FFF9-E5E0-4A74-92FC-3DA0B28C8674}.Release|Mixed Platforms.ActiveCfg = Release|x86
		{8D47FFF9-E5E0-4A74-92FC-3DA0B28C8674}.Release|Mixed Platforms.Build.0 = Release|x86
		{8D47FFF9-E5E0-4A74-92FC-3DA0B28C8674}.Release|x86.ActiveCfg = Release|x86
		{8D47FFF9-E5E0-4A74-92FC-3DA0B28C8674}.Release|x86.Build.0 = Release|x86
		{BAA9A6E4-7690-4DE0-9531-DE0EAEEC9739}.Debug|Any CPU.ActiveCfg = Debug|Any CPU
		{BAA9A6E4-7690-4DE0-9531-DE0EAEEC9739}.Debug|Any CPU.Build.0 = Debug|Any CPU
		{BAA9A6E4-7690-4DE0-9531-DE0EAEEC9739}.Debug|ARM.ActiveCfg = Debug|ARM
		{BAA9A6E4-7690-4DE0-9531-DE0EAEEC9739}.Debug|ARM.Build.0 = Debug|ARM
		{BAA9A6E4-7690-4DE0-9531-DE0EAEEC9739}.Debug|iPhone.ActiveCfg = Debug|Any CPU
		{BAA9A6E4-7690-4DE0-9531-DE0EAEEC9739}.Debug|iPhoneSimulator.ActiveCfg = Debug|Any CPU
		{BAA9A6E4-7690-4DE0-9531-DE0EAEEC9739}.Debug|Mixed Platforms.ActiveCfg = Debug|x86
		{BAA9A6E4-7690-4DE0-9531-DE0EAEEC9739}.Debug|Mixed Platforms.Build.0 = Debug|x86
		{BAA9A6E4-7690-4DE0-9531-DE0EAEEC9739}.Debug|x86.ActiveCfg = Debug|x86
		{BAA9A6E4-7690-4DE0-9531-DE0EAEEC9739}.Debug|x86.Build.0 = Debug|x86
		{BAA9A6E4-7690-4DE0-9531-DE0EAEEC9739}.Distribution|Any CPU.ActiveCfg = Debug|Any CPU
		{BAA9A6E4-7690-4DE0-9531-DE0EAEEC9739}.Distribution|Any CPU.Build.0 = Debug|Any CPU
		{BAA9A6E4-7690-4DE0-9531-DE0EAEEC9739}.Distribution|ARM.ActiveCfg = Debug|ARM
		{BAA9A6E4-7690-4DE0-9531-DE0EAEEC9739}.Distribution|ARM.Build.0 = Debug|ARM
		{BAA9A6E4-7690-4DE0-9531-DE0EAEEC9739}.Distribution|iPhone.ActiveCfg = Debug|Any CPU
		{BAA9A6E4-7690-4DE0-9531-DE0EAEEC9739}.Distribution|iPhoneSimulator.ActiveCfg = Debug|Any CPU
		{BAA9A6E4-7690-4DE0-9531-DE0EAEEC9739}.Distribution|Mixed Platforms.ActiveCfg = Debug|x86
		{BAA9A6E4-7690-4DE0-9531-DE0EAEEC9739}.Distribution|Mixed Platforms.Build.0 = Debug|x86
		{BAA9A6E4-7690-4DE0-9531-DE0EAEEC9739}.Distribution|x86.ActiveCfg = Debug|x86
		{BAA9A6E4-7690-4DE0-9531-DE0EAEEC9739}.Distribution|x86.Build.0 = Debug|x86
		{BAA9A6E4-7690-4DE0-9531-DE0EAEEC9739}.DistributionEntertainment|Any CPU.ActiveCfg = Debug|Any CPU
		{BAA9A6E4-7690-4DE0-9531-DE0EAEEC9739}.DistributionEntertainment|Any CPU.Build.0 = Debug|Any CPU
		{BAA9A6E4-7690-4DE0-9531-DE0EAEEC9739}.DistributionEntertainment|ARM.ActiveCfg = Debug|ARM
		{BAA9A6E4-7690-4DE0-9531-DE0EAEEC9739}.DistributionEntertainment|ARM.Build.0 = Debug|ARM
		{BAA9A6E4-7690-4DE0-9531-DE0EAEEC9739}.DistributionEntertainment|iPhone.ActiveCfg = Debug|Any CPU
		{BAA9A6E4-7690-4DE0-9531-DE0EAEEC9739}.DistributionEntertainment|iPhoneSimulator.ActiveCfg = Debug|Any CPU
		{BAA9A6E4-7690-4DE0-9531-DE0EAEEC9739}.DistributionEntertainment|Mixed Platforms.ActiveCfg = Debug|x86
		{BAA9A6E4-7690-4DE0-9531-DE0EAEEC9739}.DistributionEntertainment|Mixed Platforms.Build.0 = Debug|x86
		{BAA9A6E4-7690-4DE0-9531-DE0EAEEC9739}.DistributionEntertainment|x86.ActiveCfg = Debug|x86
		{BAA9A6E4-7690-4DE0-9531-DE0EAEEC9739}.DistributionEntertainment|x86.Build.0 = Debug|x86
		{BAA9A6E4-7690-4DE0-9531-DE0EAEEC9739}.DistributionGames|Any CPU.ActiveCfg = Debug|Any CPU
		{BAA9A6E4-7690-4DE0-9531-DE0EAEEC9739}.DistributionGames|Any CPU.Build.0 = Debug|Any CPU
		{BAA9A6E4-7690-4DE0-9531-DE0EAEEC9739}.DistributionGames|ARM.ActiveCfg = Debug|ARM
		{BAA9A6E4-7690-4DE0-9531-DE0EAEEC9739}.DistributionGames|ARM.Build.0 = Debug|ARM
		{BAA9A6E4-7690-4DE0-9531-DE0EAEEC9739}.DistributionGames|iPhone.ActiveCfg = Debug|Any CPU
		{BAA9A6E4-7690-4DE0-9531-DE0EAEEC9739}.DistributionGames|iPhoneSimulator.ActiveCfg = Debug|Any CPU
		{BAA9A6E4-7690-4DE0-9531-DE0EAEEC9739}.DistributionGames|Mixed Platforms.ActiveCfg = Debug|x86
		{BAA9A6E4-7690-4DE0-9531-DE0EAEEC9739}.DistributionGames|Mixed Platforms.Build.0 = Debug|x86
		{BAA9A6E4-7690-4DE0-9531-DE0EAEEC9739}.DistributionGames|x86.ActiveCfg = Debug|x86
		{BAA9A6E4-7690-4DE0-9531-DE0EAEEC9739}.DistributionGames|x86.Build.0 = Debug|x86
		{BAA9A6E4-7690-4DE0-9531-DE0EAEEC9739}.Release|Any CPU.ActiveCfg = Release|Any CPU
		{BAA9A6E4-7690-4DE0-9531-DE0EAEEC9739}.Release|Any CPU.Build.0 = Release|Any CPU
		{BAA9A6E4-7690-4DE0-9531-DE0EAEEC9739}.Release|ARM.ActiveCfg = Release|ARM
		{BAA9A6E4-7690-4DE0-9531-DE0EAEEC9739}.Release|ARM.Build.0 = Release|ARM
		{BAA9A6E4-7690-4DE0-9531-DE0EAEEC9739}.Release|iPhone.ActiveCfg = Release|Any CPU
		{BAA9A6E4-7690-4DE0-9531-DE0EAEEC9739}.Release|iPhoneSimulator.ActiveCfg = Release|Any CPU
		{BAA9A6E4-7690-4DE0-9531-DE0EAEEC9739}.Release|Mixed Platforms.ActiveCfg = Release|x86
		{BAA9A6E4-7690-4DE0-9531-DE0EAEEC9739}.Release|Mixed Platforms.Build.0 = Release|x86
		{BAA9A6E4-7690-4DE0-9531-DE0EAEEC9739}.Release|x86.ActiveCfg = Release|x86
		{BAA9A6E4-7690-4DE0-9531-DE0EAEEC9739}.Release|x86.Build.0 = Release|x86
		{734EAA48-F1CA-481A-B391-0285BC0E8B40}.Debug|Any CPU.ActiveCfg = Debug|Any CPU
		{734EAA48-F1CA-481A-B391-0285BC0E8B40}.Debug|Any CPU.Build.0 = Debug|Any CPU
		{734EAA48-F1CA-481A-B391-0285BC0E8B40}.Debug|ARM.ActiveCfg = Debug|Any CPU
		{734EAA48-F1CA-481A-B391-0285BC0E8B40}.Debug|iPhone.ActiveCfg = Debug|Any CPU
		{734EAA48-F1CA-481A-B391-0285BC0E8B40}.Debug|iPhoneSimulator.ActiveCfg = Debug|Any CPU
		{734EAA48-F1CA-481A-B391-0285BC0E8B40}.Debug|Mixed Platforms.ActiveCfg = Debug|Any CPU
		{734EAA48-F1CA-481A-B391-0285BC0E8B40}.Debug|Mixed Platforms.Build.0 = Debug|Any CPU
		{734EAA48-F1CA-481A-B391-0285BC0E8B40}.Debug|x86.ActiveCfg = Debug|Any CPU
		{734EAA48-F1CA-481A-B391-0285BC0E8B40}.Distribution|Any CPU.ActiveCfg = Debug|Any CPU
		{734EAA48-F1CA-481A-B391-0285BC0E8B40}.Distribution|Any CPU.Build.0 = Debug|Any CPU
		{734EAA48-F1CA-481A-B391-0285BC0E8B40}.Distribution|ARM.ActiveCfg = Debug|Any CPU
		{734EAA48-F1CA-481A-B391-0285BC0E8B40}.Distribution|iPhone.ActiveCfg = Debug|Any CPU
		{734EAA48-F1CA-481A-B391-0285BC0E8B40}.Distribution|iPhoneSimulator.ActiveCfg = Debug|Any CPU
		{734EAA48-F1CA-481A-B391-0285BC0E8B40}.Distribution|Mixed Platforms.ActiveCfg = Debug|Any CPU
		{734EAA48-F1CA-481A-B391-0285BC0E8B40}.Distribution|Mixed Platforms.Build.0 = Debug|Any CPU
		{734EAA48-F1CA-481A-B391-0285BC0E8B40}.Distribution|x86.ActiveCfg = Debug|Any CPU
		{734EAA48-F1CA-481A-B391-0285BC0E8B40}.DistributionEntertainment|Any CPU.ActiveCfg = Debug|Any CPU
		{734EAA48-F1CA-481A-B391-0285BC0E8B40}.DistributionEntertainment|Any CPU.Build.0 = Debug|Any CPU
		{734EAA48-F1CA-481A-B391-0285BC0E8B40}.DistributionEntertainment|ARM.ActiveCfg = Debug|Any CPU
		{734EAA48-F1CA-481A-B391-0285BC0E8B40}.DistributionEntertainment|iPhone.ActiveCfg = Debug|Any CPU
		{734EAA48-F1CA-481A-B391-0285BC0E8B40}.DistributionEntertainment|iPhoneSimulator.ActiveCfg = Debug|Any CPU
		{734EAA48-F1CA-481A-B391-0285BC0E8B40}.DistributionEntertainment|Mixed Platforms.ActiveCfg = Debug|Any CPU
		{734EAA48-F1CA-481A-B391-0285BC0E8B40}.DistributionEntertainment|Mixed Platforms.Build.0 = Debug|Any CPU
		{734EAA48-F1CA-481A-B391-0285BC0E8B40}.DistributionEntertainment|x86.ActiveCfg = Debug|Any CPU
		{734EAA48-F1CA-481A-B391-0285BC0E8B40}.DistributionGames|Any CPU.ActiveCfg = Debug|Any CPU
		{734EAA48-F1CA-481A-B391-0285BC0E8B40}.DistributionGames|Any CPU.Build.0 = Debug|Any CPU
		{734EAA48-F1CA-481A-B391-0285BC0E8B40}.DistributionGames|ARM.ActiveCfg = Debug|Any CPU
		{734EAA48-F1CA-481A-B391-0285BC0E8B40}.DistributionGames|iPhone.ActiveCfg = Debug|Any CPU
		{734EAA48-F1CA-481A-B391-0285BC0E8B40}.DistributionGames|iPhoneSimulator.ActiveCfg = Debug|Any CPU
		{734EAA48-F1CA-481A-B391-0285BC0E8B40}.DistributionGames|Mixed Platforms.ActiveCfg = Debug|Any CPU
		{734EAA48-F1CA-481A-B391-0285BC0E8B40}.DistributionGames|Mixed Platforms.Build.0 = Debug|Any CPU
		{734EAA48-F1CA-481A-B391-0285BC0E8B40}.DistributionGames|x86.ActiveCfg = Debug|Any CPU
		{734EAA48-F1CA-481A-B391-0285BC0E8B40}.Release|Any CPU.ActiveCfg = Release|Any CPU
		{734EAA48-F1CA-481A-B391-0285BC0E8B40}.Release|Any CPU.Build.0 = Release|Any CPU
		{734EAA48-F1CA-481A-B391-0285BC0E8B40}.Release|ARM.ActiveCfg = Release|Any CPU
		{734EAA48-F1CA-481A-B391-0285BC0E8B40}.Release|iPhone.ActiveCfg = Release|Any CPU
		{734EAA48-F1CA-481A-B391-0285BC0E8B40}.Release|iPhoneSimulator.ActiveCfg = Release|Any CPU
		{734EAA48-F1CA-481A-B391-0285BC0E8B40}.Release|Mixed Platforms.ActiveCfg = Release|Any CPU
		{734EAA48-F1CA-481A-B391-0285BC0E8B40}.Release|Mixed Platforms.Build.0 = Release|Any CPU
		{734EAA48-F1CA-481A-B391-0285BC0E8B40}.Release|x86.ActiveCfg = Release|Any CPU
		{DB8508BB-9849-4CC2-BC0F-8EB5DACB3C47}.Debug|Any CPU.ActiveCfg = Debug|iPhone
		{DB8508BB-9849-4CC2-BC0F-8EB5DACB3C47}.Debug|ARM.ActiveCfg = Debug|iPhone
		{DB8508BB-9849-4CC2-BC0F-8EB5DACB3C47}.Debug|iPhone.ActiveCfg = Debug|iPhone
		{DB8508BB-9849-4CC2-BC0F-8EB5DACB3C47}.Debug|iPhone.Build.0 = Debug|iPhone
		{DB8508BB-9849-4CC2-BC0F-8EB5DACB3C47}.Debug|iPhoneSimulator.ActiveCfg = Debug|iPhoneSimulator
		{DB8508BB-9849-4CC2-BC0F-8EB5DACB3C47}.Debug|iPhoneSimulator.Build.0 = Debug|iPhoneSimulator
		{DB8508BB-9849-4CC2-BC0F-8EB5DACB3C47}.Debug|Mixed Platforms.ActiveCfg = Debug|iPhone
		{DB8508BB-9849-4CC2-BC0F-8EB5DACB3C47}.Debug|Mixed Platforms.Build.0 = Debug|iPhone
		{DB8508BB-9849-4CC2-BC0F-8EB5DACB3C47}.Debug|x86.ActiveCfg = Debug|iPhone
		{DB8508BB-9849-4CC2-BC0F-8EB5DACB3C47}.Distribution|Any CPU.ActiveCfg = Debug|iPhone
		{DB8508BB-9849-4CC2-BC0F-8EB5DACB3C47}.Distribution|ARM.ActiveCfg = Debug|iPhone
		{DB8508BB-9849-4CC2-BC0F-8EB5DACB3C47}.Distribution|iPhone.ActiveCfg = Debug|iPhone
		{DB8508BB-9849-4CC2-BC0F-8EB5DACB3C47}.Distribution|iPhone.Build.0 = Debug|iPhone
		{DB8508BB-9849-4CC2-BC0F-8EB5DACB3C47}.Distribution|iPhoneSimulator.ActiveCfg = Debug|iPhone
		{DB8508BB-9849-4CC2-BC0F-8EB5DACB3C47}.Distribution|Mixed Platforms.ActiveCfg = Debug|iPhone
		{DB8508BB-9849-4CC2-BC0F-8EB5DACB3C47}.Distribution|Mixed Platforms.Build.0 = Debug|iPhone
		{DB8508BB-9849-4CC2-BC0F-8EB5DACB3C47}.Distribution|x86.ActiveCfg = Debug|iPhone
		{DB8508BB-9849-4CC2-BC0F-8EB5DACB3C47}.DistributionEntertainment|Any CPU.ActiveCfg = Debug|iPhone
		{DB8508BB-9849-4CC2-BC0F-8EB5DACB3C47}.DistributionEntertainment|ARM.ActiveCfg = Debug|iPhone
		{DB8508BB-9849-4CC2-BC0F-8EB5DACB3C47}.DistributionEntertainment|iPhone.ActiveCfg = Debug|iPhone
		{DB8508BB-9849-4CC2-BC0F-8EB5DACB3C47}.DistributionEntertainment|iPhone.Build.0 = Debug|iPhone
		{DB8508BB-9849-4CC2-BC0F-8EB5DACB3C47}.DistributionEntertainment|iPhoneSimulator.ActiveCfg = Debug|iPhone
		{DB8508BB-9849-4CC2-BC0F-8EB5DACB3C47}.DistributionEntertainment|Mixed Platforms.ActiveCfg = Debug|iPhone
		{DB8508BB-9849-4CC2-BC0F-8EB5DACB3C47}.DistributionEntertainment|Mixed Platforms.Build.0 = Debug|iPhone
		{DB8508BB-9849-4CC2-BC0F-8EB5DACB3C47}.DistributionEntertainment|x86.ActiveCfg = Debug|iPhone
		{DB8508BB-9849-4CC2-BC0F-8EB5DACB3C47}.DistributionGames|Any CPU.ActiveCfg = Debug|iPhone
		{DB8508BB-9849-4CC2-BC0F-8EB5DACB3C47}.DistributionGames|ARM.ActiveCfg = Debug|iPhone
		{DB8508BB-9849-4CC2-BC0F-8EB5DACB3C47}.DistributionGames|iPhone.ActiveCfg = Debug|iPhone
		{DB8508BB-9849-4CC2-BC0F-8EB5DACB3C47}.DistributionGames|iPhone.Build.0 = Debug|iPhone
		{DB8508BB-9849-4CC2-BC0F-8EB5DACB3C47}.DistributionGames|iPhoneSimulator.ActiveCfg = Debug|iPhone
		{DB8508BB-9849-4CC2-BC0F-8EB5DACB3C47}.DistributionGames|Mixed Platforms.ActiveCfg = Debug|iPhone
		{DB8508BB-9849-4CC2-BC0F-8EB5DACB3C47}.DistributionGames|Mixed Platforms.Build.0 = Debug|iPhone
		{DB8508BB-9849-4CC2-BC0F-8EB5DACB3C47}.DistributionGames|x86.ActiveCfg = Debug|iPhone
		{DB8508BB-9849-4CC2-BC0F-8EB5DACB3C47}.Release|Any CPU.ActiveCfg = Release|iPhone
		{DB8508BB-9849-4CC2-BC0F-8EB5DACB3C47}.Release|ARM.ActiveCfg = Release|iPhone
		{DB8508BB-9849-4CC2-BC0F-8EB5DACB3C47}.Release|iPhone.ActiveCfg = Release|iPhone
		{DB8508BB-9849-4CC2-BC0F-8EB5DACB3C47}.Release|iPhone.Build.0 = Release|iPhone
		{DB8508BB-9849-4CC2-BC0F-8EB5DACB3C47}.Release|iPhoneSimulator.ActiveCfg = Release|iPhoneSimulator
		{DB8508BB-9849-4CC2-BC0F-8EB5DACB3C47}.Release|iPhoneSimulator.Build.0 = Release|iPhoneSimulator
		{DB8508BB-9849-4CC2-BC0F-8EB5DACB3C47}.Release|Mixed Platforms.ActiveCfg = Release|iPhone
		{DB8508BB-9849-4CC2-BC0F-8EB5DACB3C47}.Release|Mixed Platforms.Build.0 = Release|iPhone
		{DB8508BB-9849-4CC2-BC0F-8EB5DACB3C47}.Release|x86.ActiveCfg = Release|iPhone
		{AD90531A-49CC-42F8-8D9E-266EB9848B07}.Debug|Any CPU.ActiveCfg = Debug|Any CPU
		{AD90531A-49CC-42F8-8D9E-266EB9848B07}.Debug|Any CPU.Build.0 = Debug|Any CPU
		{AD90531A-49CC-42F8-8D9E-266EB9848B07}.Debug|ARM.ActiveCfg = Debug|Any CPU
		{AD90531A-49CC-42F8-8D9E-266EB9848B07}.Debug|iPhone.ActiveCfg = Debug|Any CPU
		{AD90531A-49CC-42F8-8D9E-266EB9848B07}.Debug|iPhoneSimulator.ActiveCfg = Debug|Any CPU
		{AD90531A-49CC-42F8-8D9E-266EB9848B07}.Debug|Mixed Platforms.ActiveCfg = Debug|Any CPU
		{AD90531A-49CC-42F8-8D9E-266EB9848B07}.Debug|Mixed Platforms.Build.0 = Debug|Any CPU
		{AD90531A-49CC-42F8-8D9E-266EB9848B07}.Debug|x86.ActiveCfg = Debug|Any CPU
		{AD90531A-49CC-42F8-8D9E-266EB9848B07}.Distribution|Any CPU.ActiveCfg = Debug|Any CPU
		{AD90531A-49CC-42F8-8D9E-266EB9848B07}.Distribution|Any CPU.Build.0 = Debug|Any CPU
		{AD90531A-49CC-42F8-8D9E-266EB9848B07}.Distribution|ARM.ActiveCfg = Debug|Any CPU
		{AD90531A-49CC-42F8-8D9E-266EB9848B07}.Distribution|iPhone.ActiveCfg = Debug|Any CPU
		{AD90531A-49CC-42F8-8D9E-266EB9848B07}.Distribution|iPhoneSimulator.ActiveCfg = Debug|Any CPU
		{AD90531A-49CC-42F8-8D9E-266EB9848B07}.Distribution|Mixed Platforms.ActiveCfg = Debug|Any CPU
		{AD90531A-49CC-42F8-8D9E-266EB9848B07}.Distribution|Mixed Platforms.Build.0 = Debug|Any CPU
		{AD90531A-49CC-42F8-8D9E-266EB9848B07}.Distribution|x86.ActiveCfg = Debug|Any CPU
		{AD90531A-49CC-42F8-8D9E-266EB9848B07}.DistributionEntertainment|Any CPU.ActiveCfg = Debug|Any CPU
		{AD90531A-49CC-42F8-8D9E-266EB9848B07}.DistributionEntertainment|Any CPU.Build.0 = Debug|Any CPU
		{AD90531A-49CC-42F8-8D9E-266EB9848B07}.DistributionEntertainment|ARM.ActiveCfg = Debug|Any CPU
		{AD90531A-49CC-42F8-8D9E-266EB9848B07}.DistributionEntertainment|iPhone.ActiveCfg = Debug|Any CPU
		{AD90531A-49CC-42F8-8D9E-266EB9848B07}.DistributionEntertainment|iPhoneSimulator.ActiveCfg = Debug|Any CPU
		{AD90531A-49CC-42F8-8D9E-266EB9848B07}.DistributionEntertainment|Mixed Platforms.ActiveCfg = Debug|Any CPU
		{AD90531A-49CC-42F8-8D9E-266EB9848B07}.DistributionEntertainment|Mixed Platforms.Build.0 = Debug|Any CPU
		{AD90531A-49CC-42F8-8D9E-266EB9848B07}.DistributionEntertainment|x86.ActiveCfg = Debug|Any CPU
		{AD90531A-49CC-42F8-8D9E-266EB9848B07}.DistributionGames|Any CPU.ActiveCfg = Debug|Any CPU
		{AD90531A-49CC-42F8-8D9E-266EB9848B07}.DistributionGames|Any CPU.Build.0 = Debug|Any CPU
		{AD90531A-49CC-42F8-8D9E-266EB9848B07}.DistributionGames|ARM.ActiveCfg = Debug|Any CPU
		{AD90531A-49CC-42F8-8D9E-266EB9848B07}.DistributionGames|iPhone.ActiveCfg = Debug|Any CPU
		{AD90531A-49CC-42F8-8D9E-266EB9848B07}.DistributionGames|iPhoneSimulator.ActiveCfg = Debug|Any CPU
		{AD90531A-49CC-42F8-8D9E-266EB9848B07}.DistributionGames|Mixed Platforms.ActiveCfg = Debug|Any CPU
		{AD90531A-49CC-42F8-8D9E-266EB9848B07}.DistributionGames|Mixed Platforms.Build.0 = Debug|Any CPU
		{AD90531A-49CC-42F8-8D9E-266EB9848B07}.DistributionGames|x86.ActiveCfg = Debug|Any CPU
		{AD90531A-49CC-42F8-8D9E-266EB9848B07}.Release|Any CPU.ActiveCfg = Release|Any CPU
		{AD90531A-49CC-42F8-8D9E-266EB9848B07}.Release|Any CPU.Build.0 = Release|Any CPU
		{AD90531A-49CC-42F8-8D9E-266EB9848B07}.Release|ARM.ActiveCfg = Release|Any CPU
		{AD90531A-49CC-42F8-8D9E-266EB9848B07}.Release|iPhone.ActiveCfg = Release|Any CPU
		{AD90531A-49CC-42F8-8D9E-266EB9848B07}.Release|iPhoneSimulator.ActiveCfg = Release|Any CPU
		{AD90531A-49CC-42F8-8D9E-266EB9848B07}.Release|Mixed Platforms.ActiveCfg = Release|Any CPU
		{AD90531A-49CC-42F8-8D9E-266EB9848B07}.Release|Mixed Platforms.Build.0 = Release|Any CPU
		{AD90531A-49CC-42F8-8D9E-266EB9848B07}.Release|x86.ActiveCfg = Release|Any CPU
		{BA9476CF-99BA-4D03-92F2-73D2C5E58883}.Debug|Any CPU.ActiveCfg = Debug|Any CPU
		{BA9476CF-99BA-4D03-92F2-73D2C5E58883}.Debug|Any CPU.Build.0 = Debug|Any CPU
		{BA9476CF-99BA-4D03-92F2-73D2C5E58883}.Debug|ARM.ActiveCfg = Debug|Any CPU
		{BA9476CF-99BA-4D03-92F2-73D2C5E58883}.Debug|iPhone.ActiveCfg = Debug|Any CPU
		{BA9476CF-99BA-4D03-92F2-73D2C5E58883}.Debug|iPhoneSimulator.ActiveCfg = Debug|Any CPU
		{BA9476CF-99BA-4D03-92F2-73D2C5E58883}.Debug|Mixed Platforms.ActiveCfg = Debug|Any CPU
		{BA9476CF-99BA-4D03-92F2-73D2C5E58883}.Debug|Mixed Platforms.Build.0 = Debug|Any CPU
		{BA9476CF-99BA-4D03-92F2-73D2C5E58883}.Debug|x86.ActiveCfg = Debug|Any CPU
		{BA9476CF-99BA-4D03-92F2-73D2C5E58883}.Distribution|Any CPU.ActiveCfg = Debug|Any CPU
		{BA9476CF-99BA-4D03-92F2-73D2C5E58883}.Distribution|Any CPU.Build.0 = Debug|Any CPU
		{BA9476CF-99BA-4D03-92F2-73D2C5E58883}.Distribution|ARM.ActiveCfg = Debug|Any CPU
		{BA9476CF-99BA-4D03-92F2-73D2C5E58883}.Distribution|iPhone.ActiveCfg = Debug|Any CPU
		{BA9476CF-99BA-4D03-92F2-73D2C5E58883}.Distribution|iPhoneSimulator.ActiveCfg = Debug|Any CPU
		{BA9476CF-99BA-4D03-92F2-73D2C5E58883}.Distribution|Mixed Platforms.ActiveCfg = Debug|Any CPU
		{BA9476CF-99BA-4D03-92F2-73D2C5E58883}.Distribution|Mixed Platforms.Build.0 = Debug|Any CPU
		{BA9476CF-99BA-4D03-92F2-73D2C5E58883}.Distribution|x86.ActiveCfg = Debug|Any CPU
		{BA9476CF-99BA-4D03-92F2-73D2C5E58883}.DistributionEntertainment|Any CPU.ActiveCfg = Debug|Any CPU
		{BA9476CF-99BA-4D03-92F2-73D2C5E58883}.DistributionEntertainment|Any CPU.Build.0 = Debug|Any CPU
		{BA9476CF-99BA-4D03-92F2-73D2C5E58883}.DistributionEntertainment|ARM.ActiveCfg = Debug|Any CPU
		{BA9476CF-99BA-4D03-92F2-73D2C5E58883}.DistributionEntertainment|iPhone.ActiveCfg = Debug|Any CPU
		{BA9476CF-99BA-4D03-92F2-73D2C5E58883}.DistributionEntertainment|iPhoneSimulator.ActiveCfg = Debug|Any CPU
		{BA9476CF-99BA-4D03-92F2-73D2C5E58883}.DistributionEntertainment|Mixed Platforms.ActiveCfg = Debug|Any CPU
		{BA9476CF-99BA-4D03-92F2-73D2C5E58883}.DistributionEntertainment|Mixed Platforms.Build.0 = Debug|Any CPU
		{BA9476CF-99BA-4D03-92F2-73D2C5E58883}.DistributionEntertainment|x86.ActiveCfg = Debug|Any CPU
		{BA9476CF-99BA-4D03-92F2-73D2C5E58883}.DistributionGames|Any CPU.ActiveCfg = Debug|Any CPU
		{BA9476CF-99BA-4D03-92F2-73D2C5E58883}.DistributionGames|Any CPU.Build.0 = Debug|Any CPU
		{BA9476CF-99BA-4D03-92F2-73D2C5E58883}.DistributionGames|ARM.ActiveCfg = Debug|Any CPU
		{BA9476CF-99BA-4D03-92F2-73D2C5E58883}.DistributionGames|iPhone.ActiveCfg = Debug|Any CPU
		{BA9476CF-99BA-4D03-92F2-73D2C5E58883}.DistributionGames|iPhoneSimulator.ActiveCfg = Debug|Any CPU
		{BA9476CF-99BA-4D03-92F2-73D2C5E58883}.DistributionGames|Mixed Platforms.ActiveCfg = Debug|Any CPU
		{BA9476CF-99BA-4D03-92F2-73D2C5E58883}.DistributionGames|Mixed Platforms.Build.0 = Debug|Any CPU
		{BA9476CF-99BA-4D03-92F2-73D2C5E58883}.DistributionGames|x86.ActiveCfg = Debug|Any CPU
		{BA9476CF-99BA-4D03-92F2-73D2C5E58883}.Release|Any CPU.ActiveCfg = Release|Any CPU
		{BA9476CF-99BA-4D03-92F2-73D2C5E58883}.Release|Any CPU.Build.0 = Release|Any CPU
		{BA9476CF-99BA-4D03-92F2-73D2C5E58883}.Release|ARM.ActiveCfg = Release|Any CPU
		{BA9476CF-99BA-4D03-92F2-73D2C5E58883}.Release|iPhone.ActiveCfg = Release|Any CPU
		{BA9476CF-99BA-4D03-92F2-73D2C5E58883}.Release|iPhoneSimulator.ActiveCfg = Release|Any CPU
		{BA9476CF-99BA-4D03-92F2-73D2C5E58883}.Release|Mixed Platforms.ActiveCfg = Release|Any CPU
		{BA9476CF-99BA-4D03-92F2-73D2C5E58883}.Release|Mixed Platforms.Build.0 = Release|Any CPU
		{BA9476CF-99BA-4D03-92F2-73D2C5E58883}.Release|x86.ActiveCfg = Release|Any CPU
		{565129E0-4EE5-4F6F-B403-C3484C9740BE}.Debug|Any CPU.ActiveCfg = Debug|Any CPU
		{565129E0-4EE5-4F6F-B403-C3484C9740BE}.Debug|Any CPU.Build.0 = Debug|Any CPU
		{565129E0-4EE5-4F6F-B403-C3484C9740BE}.Debug|ARM.ActiveCfg = Debug|Any CPU
		{565129E0-4EE5-4F6F-B403-C3484C9740BE}.Debug|iPhone.ActiveCfg = Debug|Any CPU
		{565129E0-4EE5-4F6F-B403-C3484C9740BE}.Debug|iPhoneSimulator.ActiveCfg = Debug|Any CPU
		{565129E0-4EE5-4F6F-B403-C3484C9740BE}.Debug|Mixed Platforms.ActiveCfg = Debug|Any CPU
		{565129E0-4EE5-4F6F-B403-C3484C9740BE}.Debug|Mixed Platforms.Build.0 = Debug|Any CPU
		{565129E0-4EE5-4F6F-B403-C3484C9740BE}.Debug|x86.ActiveCfg = Debug|Any CPU
		{565129E0-4EE5-4F6F-B403-C3484C9740BE}.Distribution|Any CPU.ActiveCfg = Debug|Any CPU
		{565129E0-4EE5-4F6F-B403-C3484C9740BE}.Distribution|Any CPU.Build.0 = Debug|Any CPU
		{565129E0-4EE5-4F6F-B403-C3484C9740BE}.Distribution|ARM.ActiveCfg = Debug|Any CPU
		{565129E0-4EE5-4F6F-B403-C3484C9740BE}.Distribution|iPhone.ActiveCfg = Debug|Any CPU
		{565129E0-4EE5-4F6F-B403-C3484C9740BE}.Distribution|iPhoneSimulator.ActiveCfg = Debug|Any CPU
		{565129E0-4EE5-4F6F-B403-C3484C9740BE}.Distribution|Mixed Platforms.ActiveCfg = Debug|Any CPU
		{565129E0-4EE5-4F6F-B403-C3484C9740BE}.Distribution|Mixed Platforms.Build.0 = Debug|Any CPU
		{565129E0-4EE5-4F6F-B403-C3484C9740BE}.Distribution|x86.ActiveCfg = Debug|Any CPU
		{565129E0-4EE5-4F6F-B403-C3484C9740BE}.DistributionEntertainment|Any CPU.ActiveCfg = Debug|Any CPU
		{565129E0-4EE5-4F6F-B403-C3484C9740BE}.DistributionEntertainment|Any CPU.Build.0 = Debug|Any CPU
		{565129E0-4EE5-4F6F-B403-C3484C9740BE}.DistributionEntertainment|ARM.ActiveCfg = Debug|Any CPU
		{565129E0-4EE5-4F6F-B403-C3484C9740BE}.DistributionEntertainment|iPhone.ActiveCfg = Debug|Any CPU
		{565129E0-4EE5-4F6F-B403-C3484C9740BE}.DistributionEntertainment|iPhoneSimulator.ActiveCfg = Debug|Any CPU
		{565129E0-4EE5-4F6F-B403-C3484C9740BE}.DistributionEntertainment|Mixed Platforms.ActiveCfg = Debug|Any CPU
		{565129E0-4EE5-4F6F-B403-C3484C9740BE}.DistributionEntertainment|Mixed Platforms.Build.0 = Debug|Any CPU
		{565129E0-4EE5-4F6F-B403-C3484C9740BE}.DistributionEntertainment|x86.ActiveCfg = Debug|Any CPU
		{565129E0-4EE5-4F6F-B403-C3484C9740BE}.DistributionGames|Any CPU.ActiveCfg = Debug|Any CPU
		{565129E0-4EE5-4F6F-B403-C3484C9740BE}.DistributionGames|Any CPU.Build.0 = Debug|Any CPU
		{565129E0-4EE5-4F6F-B403-C3484C9740BE}.DistributionGames|ARM.ActiveCfg = Debug|Any CPU
		{565129E0-4EE5-4F6F-B403-C3484C9740BE}.DistributionGames|iPhone.ActiveCfg = Debug|Any CPU
		{565129E0-4EE5-4F6F-B403-C3484C9740BE}.DistributionGames|iPhoneSimulator.ActiveCfg = Debug|Any CPU
		{565129E0-4EE5-4F6F-B403-C3484C9740BE}.DistributionGames|Mixed Platforms.ActiveCfg = Debug|Any CPU
		{565129E0-4EE5-4F6F-B403-C3484C9740BE}.DistributionGames|Mixed Platforms.Build.0 = Debug|Any CPU
		{565129E0-4EE5-4F6F-B403-C3484C9740BE}.DistributionGames|x86.ActiveCfg = Debug|Any CPU
		{565129E0-4EE5-4F6F-B403-C3484C9740BE}.Release|Any CPU.ActiveCfg = Release|Any CPU
		{565129E0-4EE5-4F6F-B403-C3484C9740BE}.Release|Any CPU.Build.0 = Release|Any CPU
		{565129E0-4EE5-4F6F-B403-C3484C9740BE}.Release|ARM.ActiveCfg = Release|Any CPU
		{565129E0-4EE5-4F6F-B403-C3484C9740BE}.Release|iPhone.ActiveCfg = Release|Any CPU
		{565129E0-4EE5-4F6F-B403-C3484C9740BE}.Release|iPhoneSimulator.ActiveCfg = Release|Any CPU
		{565129E0-4EE5-4F6F-B403-C3484C9740BE}.Release|Mixed Platforms.ActiveCfg = Release|Any CPU
		{565129E0-4EE5-4F6F-B403-C3484C9740BE}.Release|Mixed Platforms.Build.0 = Release|Any CPU
		{565129E0-4EE5-4F6F-B403-C3484C9740BE}.Release|x86.ActiveCfg = Release|Any CPU
	EndGlobalSection
	GlobalSection(SolutionProperties) = preSolution
		HideSolutionNode = FALSE
	EndGlobalSection
	GlobalSection(MonoDevelopProperties) = preSolution
		StartupItem = XNA8DFramework.csproj
	EndGlobalSection
EndGlobal
