
Microsoft Visual Studio Solution File, Format Version 12.00
# Visual Studio 2013
VisualStudioVersion = 12.0.31101.0
MinimumVisualStudioVersion = 10.0.40219.1
Project("{FAE04EC0-301F-11D3-BF4B-00C04F79EFBC}") = "XNA8DFramework.Droid", "XNA8DFramework.Droid.csproj", "{AD90531A-49CC-42F8-8D9E-266EB9848B07}"
EndProject
Project("{FAE04EC0-301F-11D3-BF4B-00C04F79EFBC}") = "XNA8DFramework.iPhone", "XNA8DFramework.iPhone.csproj", "{C07C1BAD-FC7A-4483-9E1C-B049F58D48AC}"
EndProject
Project("{FAE04EC0-301F-11D3-BF4B-00C04F79EFBC}") = "XNA8DFramework.Silverlight", "XNA8DFramework.Silverlight.csproj", "{131C2DED-BA24-4D41-A7E8-6DEEF564DF5A}"
EndProject
Project("{FAE04EC0-301F-11D3-BF4B-00C04F79EFBC}") = "XNA8DFramework.Win8", "XNA8DFramework.Win8.csproj", "{CCCF9F01-8866-4077-B971-5B659D28444A}"
EndProject
Project("{FAE04EC0-301F-11D3-BF4B-00C04F79EFBC}") = "XNA8DFramework.WP8", "XNA8DFramework.WP8.csproj", "{8D47FFF9-E5E0-4A74-92FC-3DA0B28C8674}"
EndProject
Project("{2150E333-8FDC-42A3-9474-1A3956D46DE8}") = ".nuget", ".nuget", "{DFC05DDF-7AD5-4915-A677-0379F215930F}"
	ProjectSection(SolutionItems) = preProject
		.nuget\NuGet.Config = .nuget\NuGet.Config
		.nuget\NuGet.exe = .nuget\NuGet.exe
		.nuget\NuGet.targets = .nuget\NuGet.targets
	EndProjectSection
EndProject
Global
	GlobalSection(SolutionConfigurationPlatforms) = preSolution
		Debug|Any CPU = Debug|Any CPU
		Debug|ARM = Debug|ARM
		Debug|iPhone = Debug|iPhone
		Debug|iPhoneSimulator = Debug|iPhoneSimulator
		Debug|Mixed Platforms = Debug|Mixed Platforms
		Debug|x64 = Debug|x64
		Debug|x86 = Debug|x86
		Distribution|Any CPU = Distribution|Any CPU
		Distribution|ARM = Distribution|ARM
		Distribution|iPhone = Distribution|iPhone
		Distribution|iPhoneSimulator = Distribution|iPhoneSimulator
		Distribution|Mixed Platforms = Distribution|Mixed Platforms
		Distribution|x64 = Distribution|x64
		Distribution|x86 = Distribution|x86
		DistributionEntertainment|Any CPU = DistributionEntertainment|Any CPU
		DistributionEntertainment|ARM = DistributionEntertainment|ARM
		DistributionEntertainment|iPhone = DistributionEntertainment|iPhone
		DistributionEntertainment|iPhoneSimulator = DistributionEntertainment|iPhoneSimulator
		DistributionEntertainment|Mixed Platforms = DistributionEntertainment|Mixed Platforms
		DistributionEntertainment|x64 = DistributionEntertainment|x64
		DistributionEntertainment|x86 = DistributionEntertainment|x86
		DistributionGames|Any CPU = DistributionGames|Any CPU
		DistributionGames|ARM = DistributionGames|ARM
		DistributionGames|iPhone = DistributionGames|iPhone
		DistributionGames|iPhoneSimulator = DistributionGames|iPhoneSimulator
		DistributionGames|Mixed Platforms = DistributionGames|Mixed Platforms
		DistributionGames|x64 = DistributionGames|x64
		DistributionGames|x86 = DistributionGames|x86
		Release|Any CPU = Release|Any CPU
		Release|ARM = Release|ARM
		Release|iPhone = Release|iPhone
		Release|iPhoneSimulator = Release|iPhoneSimulator
		Release|Mixed Platforms = Release|Mixed Platforms
		Release|x64 = Release|x64
		Release|x86 = Release|x86
	EndGlobalSection
	GlobalSection(ProjectConfigurationPlatforms) = postSolution
		{AD90531A-49CC-42F8-8D9E-266EB9848B07}.Debug|Any CPU.ActiveCfg = Debug|Any CPU
		{AD90531A-49CC-42F8-8D9E-266EB9848B07}.Debug|Any CPU.Build.0 = Debug|Any CPU
		{AD90531A-49CC-42F8-8D9E-266EB9848B07}.Debug|ARM.ActiveCfg = Debug|Any CPU
		{AD90531A-49CC-42F8-8D9E-266EB9848B07}.Debug|iPhone.ActiveCfg = Debug|Any CPU
		{AD90531A-49CC-42F8-8D9E-266EB9848B07}.Debug|iPhoneSimulator.ActiveCfg = Debug|Any CPU
		{AD90531A-49CC-42F8-8D9E-266EB9848B07}.Debug|Mixed Platforms.ActiveCfg = Debug|Any CPU
		{AD90531A-49CC-42F8-8D9E-266EB9848B07}.Debug|Mixed Platforms.Build.0 = Debug|Any CPU
		{AD90531A-49CC-42F8-8D9E-266EB9848B07}.Debug|x64.ActiveCfg = Debug|Any CPU
		{AD90531A-49CC-42F8-8D9E-266EB9848B07}.Debug|x86.ActiveCfg = Debug|Any CPU
		{AD90531A-49CC-42F8-8D9E-266EB9848B07}.Distribution|Any CPU.ActiveCfg = Debug|Any CPU
		{AD90531A-49CC-42F8-8D9E-266EB9848B07}.Distribution|Any CPU.Build.0 = Debug|Any CPU
		{AD90531A-49CC-42F8-8D9E-266EB9848B07}.Distribution|ARM.ActiveCfg = Debug|Any CPU
		{AD90531A-49CC-42F8-8D9E-266EB9848B07}.Distribution|iPhone.ActiveCfg = Debug|Any CPU
		{AD90531A-49CC-42F8-8D9E-266EB9848B07}.Distribution|iPhoneSimulator.ActiveCfg = Debug|Any CPU
		{AD90531A-49CC-42F8-8D9E-266EB9848B07}.Distribution|Mixed Platforms.ActiveCfg = Debug|Any CPU
		{AD90531A-49CC-42F8-8D9E-266EB9848B07}.Distribution|Mixed Platforms.Build.0 = Debug|Any CPU
		{AD90531A-49CC-42F8-8D9E-266EB9848B07}.Distribution|x64.ActiveCfg = Debug|Any CPU
		{AD90531A-49CC-42F8-8D9E-266EB9848B07}.Distribution|x86.ActiveCfg = Debug|Any CPU
		{AD90531A-49CC-42F8-8D9E-266EB9848B07}.DistributionEntertainment|Any CPU.ActiveCfg = Debug|Any CPU
		{AD90531A-49CC-42F8-8D9E-266EB9848B07}.DistributionEntertainment|Any CPU.Build.0 = Debug|Any CPU
		{AD90531A-49CC-42F8-8D9E-266EB9848B07}.DistributionEntertainment|ARM.ActiveCfg = Debug|Any CPU
		{AD90531A-49CC-42F8-8D9E-266EB9848B07}.DistributionEntertainment|iPhone.ActiveCfg = Debug|Any CPU
		{AD90531A-49CC-42F8-8D9E-266EB9848B07}.DistributionEntertainment|iPhoneSimulator.ActiveCfg = Debug|Any CPU
		{AD90531A-49CC-42F8-8D9E-266EB9848B07}.DistributionEntertainment|Mixed Platforms.ActiveCfg = Debug|Any CPU
		{AD90531A-49CC-42F8-8D9E-266EB9848B07}.DistributionEntertainment|Mixed Platforms.Build.0 = Debug|Any CPU
		{AD90531A-49CC-42F8-8D9E-266EB9848B07}.DistributionEntertainment|x64.ActiveCfg = Debug|Any CPU
		{AD90531A-49CC-42F8-8D9E-266EB9848B07}.DistributionEntertainment|x86.ActiveCfg = Debug|Any CPU
		{AD90531A-49CC-42F8-8D9E-266EB9848B07}.DistributionGames|Any CPU.ActiveCfg = Debug|Any CPU
		{AD90531A-49CC-42F8-8D9E-266EB9848B07}.DistributionGames|Any CPU.Build.0 = Debug|Any CPU
		{AD90531A-49CC-42F8-8D9E-266EB9848B07}.DistributionGames|ARM.ActiveCfg = Debug|Any CPU
		{AD90531A-49CC-42F8-8D9E-266EB9848B07}.DistributionGames|iPhone.ActiveCfg = Debug|Any CPU
		{AD90531A-49CC-42F8-8D9E-266EB9848B07}.DistributionGames|iPhoneSimulator.ActiveCfg = Debug|Any CPU
		{AD90531A-49CC-42F8-8D9E-266EB9848B07}.DistributionGames|Mixed Platforms.ActiveCfg = Debug|Any CPU
		{AD90531A-49CC-42F8-8D9E-266EB9848B07}.DistributionGames|Mixed Platforms.Build.0 = Debug|Any CPU
		{AD90531A-49CC-42F8-8D9E-266EB9848B07}.DistributionGames|x64.ActiveCfg = Debug|Any CPU
		{AD90531A-49CC-42F8-8D9E-266EB9848B07}.DistributionGames|x86.ActiveCfg = Debug|Any CPU
		{AD90531A-49CC-42F8-8D9E-266EB9848B07}.Release|Any CPU.ActiveCfg = Release|Any CPU
		{AD90531A-49CC-42F8-8D9E-266EB9848B07}.Release|ARM.ActiveCfg = Release|Any CPU
		{AD90531A-49CC-42F8-8D9E-266EB9848B07}.Release|iPhone.ActiveCfg = Release|Any CPU
		{AD90531A-49CC-42F8-8D9E-266EB9848B07}.Release|iPhoneSimulator.ActiveCfg = Release|Any CPU
		{AD90531A-49CC-42F8-8D9E-266EB9848B07}.Release|Mixed Platforms.ActiveCfg = Release|Any CPU
		{AD90531A-49CC-42F8-8D9E-266EB9848B07}.Release|Mixed Platforms.Build.0 = Release|Any CPU
		{AD90531A-49CC-42F8-8D9E-266EB9848B07}.Release|x64.ActiveCfg = Release|Any CPU
		{AD90531A-49CC-42F8-8D9E-266EB9848B07}.Release|x86.ActiveCfg = Release|Any CPU
		{C07C1BAD-FC7A-4483-9E1C-B049F58D48AC}.Debug|Any CPU.ActiveCfg = Debug|iPhone
		{C07C1BAD-FC7A-4483-9E1C-B049F58D48AC}.Debug|Any CPU.Build.0 = Debug|iPhone
		{C07C1BAD-FC7A-4483-9E1C-B049F58D48AC}.Debug|ARM.ActiveCfg = Debug|iPhone
		{C07C1BAD-FC7A-4483-9E1C-B049F58D48AC}.Debug|iPhone.ActiveCfg = Debug|iPhone
		{C07C1BAD-FC7A-4483-9E1C-B049F58D48AC}.Debug|iPhone.Build.0 = Debug|iPhone
		{C07C1BAD-FC7A-4483-9E1C-B049F58D48AC}.Debug|iPhoneSimulator.ActiveCfg = Debug|iPhoneSimulator
		{C07C1BAD-FC7A-4483-9E1C-B049F58D48AC}.Debug|iPhoneSimulator.Build.0 = Debug|iPhoneSimulator
		{C07C1BAD-FC7A-4483-9E1C-B049F58D48AC}.Debug|Mixed Platforms.ActiveCfg = Debug|iPhone
		{C07C1BAD-FC7A-4483-9E1C-B049F58D48AC}.Debug|Mixed Platforms.Build.0 = Debug|iPhone
		{C07C1BAD-FC7A-4483-9E1C-B049F58D48AC}.Debug|x64.ActiveCfg = Debug|iPhone
		{C07C1BAD-FC7A-4483-9E1C-B049F58D48AC}.Debug|x86.ActiveCfg = Debug|iPhone
		{C07C1BAD-FC7A-4483-9E1C-B049F58D48AC}.Distribution|Any CPU.ActiveCfg = Distribution|iPhone
		{C07C1BAD-FC7A-4483-9E1C-B049F58D48AC}.Distribution|ARM.ActiveCfg = Distribution|iPhone
		{C07C1BAD-FC7A-4483-9E1C-B049F58D48AC}.Distribution|iPhone.ActiveCfg = Distribution|iPhone
		{C07C1BAD-FC7A-4483-9E1C-B049F58D48AC}.Distribution|iPhone.Build.0 = Distribution|iPhone
		{C07C1BAD-FC7A-4483-9E1C-B049F58D48AC}.Distribution|iPhoneSimulator.ActiveCfg = Distribution|iPhoneSimulator
		{C07C1BAD-FC7A-4483-9E1C-B049F58D48AC}.Distribution|iPhoneSimulator.Build.0 = Distribution|iPhoneSimulator
		{C07C1BAD-FC7A-4483-9E1C-B049F58D48AC}.Distribution|Mixed Platforms.ActiveCfg = Distribution|iPhone
		{C07C1BAD-FC7A-4483-9E1C-B049F58D48AC}.Distribution|Mixed Platforms.Build.0 = Distribution|iPhone
		{C07C1BAD-FC7A-4483-9E1C-B049F58D48AC}.Distribution|x64.ActiveCfg = Distribution|iPhone
		{C07C1BAD-FC7A-4483-9E1C-B049F58D48AC}.Distribution|x86.ActiveCfg = Distribution|iPhone
		{C07C1BAD-FC7A-4483-9E1C-B049F58D48AC}.DistributionEntertainment|Any CPU.ActiveCfg = Distribution|iPhone
		{C07C1BAD-FC7A-4483-9E1C-B049F58D48AC}.DistributionEntertainment|ARM.ActiveCfg = Distribution|iPhone
		{C07C1BAD-FC7A-4483-9E1C-B049F58D48AC}.DistributionEntertainment|iPhone.ActiveCfg = Distribution|iPhone
		{C07C1BAD-FC7A-4483-9E1C-B049F58D48AC}.DistributionEntertainment|iPhone.Build.0 = Distribution|iPhone
		{C07C1BAD-FC7A-4483-9E1C-B049F58D48AC}.DistributionEntertainment|iPhoneSimulator.ActiveCfg = Distribution|iPhoneSimulator
		{C07C1BAD-FC7A-4483-9E1C-B049F58D48AC}.DistributionEntertainment|iPhoneSimulator.Build.0 = Distribution|iPhoneSimulator
		{C07C1BAD-FC7A-4483-9E1C-B049F58D48AC}.DistributionEntertainment|Mixed Platforms.ActiveCfg = Distribution|iPhone
		{C07C1BAD-FC7A-4483-9E1C-B049F58D48AC}.DistributionEntertainment|Mixed Platforms.Build.0 = Distribution|iPhone
		{C07C1BAD-FC7A-4483-9E1C-B049F58D48AC}.DistributionEntertainment|x64.ActiveCfg = Distribution|iPhone
		{C07C1BAD-FC7A-4483-9E1C-B049F58D48AC}.DistributionEntertainment|x86.ActiveCfg = Distribution|iPhone
		{C07C1BAD-FC7A-4483-9E1C-B049F58D48AC}.DistributionGames|Any CPU.ActiveCfg = Distribution|iPhone
		{C07C1BAD-FC7A-4483-9E1C-B049F58D48AC}.DistributionGames|ARM.ActiveCfg = Distribution|iPhone
		{C07C1BAD-FC7A-4483-9E1C-B049F58D48AC}.DistributionGames|iPhone.ActiveCfg = Distribution|iPhone
		{C07C1BAD-FC7A-4483-9E1C-B049F58D48AC}.DistributionGames|iPhone.Build.0 = Distribution|iPhone
		{C07C1BAD-FC7A-4483-9E1C-B049F58D48AC}.DistributionGames|iPhoneSimulator.ActiveCfg = Distribution|iPhoneSimulator
		{C07C1BAD-FC7A-4483-9E1C-B049F58D48AC}.DistributionGames|iPhoneSimulator.Build.0 = Distribution|iPhoneSimulator
		{C07C1BAD-FC7A-4483-9E1C-B049F58D48AC}.DistributionGames|Mixed Platforms.ActiveCfg = Distribution|iPhone
		{C07C1BAD-FC7A-4483-9E1C-B049F58D48AC}.DistributionGames|Mixed Platforms.Build.0 = Distribution|iPhone
		{C07C1BAD-FC7A-4483-9E1C-B049F58D48AC}.DistributionGames|x64.ActiveCfg = Distribution|iPhone
		{C07C1BAD-FC7A-4483-9E1C-B049F58D48AC}.DistributionGames|x86.ActiveCfg = Distribution|iPhone
		{C07C1BAD-FC7A-4483-9E1C-B049F58D48AC}.Release|Any CPU.ActiveCfg = Release|iPhone
		{C07C1BAD-FC7A-4483-9E1C-B049F58D48AC}.Release|ARM.ActiveCfg = Release|iPhone
		{C07C1BAD-FC7A-4483-9E1C-B049F58D48AC}.Release|iPhone.ActiveCfg = Release|iPhone
		{C07C1BAD-FC7A-4483-9E1C-B049F58D48AC}.Release|iPhone.Build.0 = Release|iPhone
		{C07C1BAD-FC7A-4483-9E1C-B049F58D48AC}.Release|iPhoneSimulator.ActiveCfg = Release|iPhoneSimulator
		{C07C1BAD-FC7A-4483-9E1C-B049F58D48AC}.Release|iPhoneSimulator.Build.0 = Release|iPhoneSimulator
		{C07C1BAD-FC7A-4483-9E1C-B049F58D48AC}.Release|Mixed Platforms.ActiveCfg = Release|iPhone
		{C07C1BAD-FC7A-4483-9E1C-B049F58D48AC}.Release|Mixed Platforms.Build.0 = Release|iPhone
		{C07C1BAD-FC7A-4483-9E1C-B049F58D48AC}.Release|x64.ActiveCfg = Release|iPhone
		{C07C1BAD-FC7A-4483-9E1C-B049F58D48AC}.Release|x86.ActiveCfg = Release|iPhone
		{131C2DED-BA24-4D41-A7E8-6DEEF564DF5A}.Debug|Any CPU.ActiveCfg = Debug|Any CPU
		{131C2DED-BA24-4D41-A7E8-6DEEF564DF5A}.Debug|Any CPU.Build.0 = Debug|Any CPU
		{131C2DED-BA24-4D41-A7E8-6DEEF564DF5A}.Debug|ARM.ActiveCfg = Debug|Any CPU
		{131C2DED-BA24-4D41-A7E8-6DEEF564DF5A}.Debug|iPhone.ActiveCfg = Debug|Any CPU
		{131C2DED-BA24-4D41-A7E8-6DEEF564DF5A}.Debug|iPhoneSimulator.ActiveCfg = Debug|Any CPU
		{131C2DED-BA24-4D41-A7E8-6DEEF564DF5A}.Debug|Mixed Platforms.ActiveCfg = Debug|Any CPU
		{131C2DED-BA24-4D41-A7E8-6DEEF564DF5A}.Debug|Mixed Platforms.Build.0 = Debug|Any CPU
		{131C2DED-BA24-4D41-A7E8-6DEEF564DF5A}.Debug|x64.ActiveCfg = Debug|Any CPU
		{131C2DED-BA24-4D41-A7E8-6DEEF564DF5A}.Debug|x86.ActiveCfg = Debug|Any CPU
		{131C2DED-BA24-4D41-A7E8-6DEEF564DF5A}.Distribution|Any CPU.ActiveCfg = Debug|Any CPU
		{131C2DED-BA24-4D41-A7E8-6DEEF564DF5A}.Distribution|Any CPU.Build.0 = Debug|Any CPU
		{131C2DED-BA24-4D41-A7E8-6DEEF564DF5A}.Distribution|ARM.ActiveCfg = Debug|Any CPU
		{131C2DED-BA24-4D41-A7E8-6DEEF564DF5A}.Distribution|iPhone.ActiveCfg = Debug|Any CPU
		{131C2DED-BA24-4D41-A7E8-6DEEF564DF5A}.Distribution|iPhoneSimulator.ActiveCfg = Debug|Any CPU
		{131C2DED-BA24-4D41-A7E8-6DEEF564DF5A}.Distribution|Mixed Platforms.ActiveCfg = Debug|Any CPU
		{131C2DED-BA24-4D41-A7E8-6DEEF564DF5A}.Distribution|Mixed Platforms.Build.0 = Debug|Any CPU
		{131C2DED-BA24-4D41-A7E8-6DEEF564DF5A}.Distribution|x64.ActiveCfg = Debug|Any CPU
		{131C2DED-BA24-4D41-A7E8-6DEEF564DF5A}.Distribution|x86.ActiveCfg = Debug|Any CPU
		{131C2DED-BA24-4D41-A7E8-6DEEF564DF5A}.DistributionEntertainment|Any CPU.ActiveCfg = Debug|Any CPU
		{131C2DED-BA24-4D41-A7E8-6DEEF564DF5A}.DistributionEntertainment|Any CPU.Build.0 = Debug|Any CPU
		{131C2DED-BA24-4D41-A7E8-6DEEF564DF5A}.DistributionEntertainment|ARM.ActiveCfg = Debug|Any CPU
		{131C2DED-BA24-4D41-A7E8-6DEEF564DF5A}.DistributionEntertainment|iPhone.ActiveCfg = Debug|Any CPU
		{131C2DED-BA24-4D41-A7E8-6DEEF564DF5A}.DistributionEntertainment|iPhoneSimulator.ActiveCfg = Debug|Any CPU
		{131C2DED-BA24-4D41-A7E8-6DEEF564DF5A}.DistributionEntertainment|Mixed Platforms.ActiveCfg = Debug|Any CPU
		{131C2DED-BA24-4D41-A7E8-6DEEF564DF5A}.DistributionEntertainment|Mixed Platforms.Build.0 = Debug|Any CPU
		{131C2DED-BA24-4D41-A7E8-6DEEF564DF5A}.DistributionEntertainment|x64.ActiveCfg = Debug|Any CPU
		{131C2DED-BA24-4D41-A7E8-6DEEF564DF5A}.DistributionEntertainment|x86.ActiveCfg = Debug|Any CPU
		{131C2DED-BA24-4D41-A7E8-6DEEF564DF5A}.DistributionGames|Any CPU.ActiveCfg = Debug|Any CPU
		{131C2DED-BA24-4D41-A7E8-6DEEF564DF5A}.DistributionGames|Any CPU.Build.0 = Debug|Any CPU
		{131C2DED-BA24-4D41-A7E8-6DEEF564DF5A}.DistributionGames|ARM.ActiveCfg = Debug|Any CPU
		{131C2DED-BA24-4D41-A7E8-6DEEF564DF5A}.DistributionGames|iPhone.ActiveCfg = Debug|Any CPU
		{131C2DED-BA24-4D41-A7E8-6DEEF564DF5A}.DistributionGames|iPhoneSimulator.ActiveCfg = Debug|Any CPU
		{131C2DED-BA24-4D41-A7E8-6DEEF564DF5A}.DistributionGames|Mixed Platforms.ActiveCfg = Debug|Any CPU
		{131C2DED-BA24-4D41-A7E8-6DEEF564DF5A}.DistributionGames|Mixed Platforms.Build.0 = Debug|Any CPU
		{131C2DED-BA24-4D41-A7E8-6DEEF564DF5A}.DistributionGames|x64.ActiveCfg = Debug|Any CPU
		{131C2DED-BA24-4D41-A7E8-6DEEF564DF5A}.DistributionGames|x86.ActiveCfg = Debug|Any CPU
		{131C2DED-BA24-4D41-A7E8-6DEEF564DF5A}.Release|Any CPU.ActiveCfg = Release|Any CPU
		{131C2DED-BA24-4D41-A7E8-6DEEF564DF5A}.Release|Any CPU.Build.0 = Release|Any CPU
		{131C2DED-BA24-4D41-A7E8-6DEEF564DF5A}.Release|ARM.ActiveCfg = Release|Any CPU
		{131C2DED-BA24-4D41-A7E8-6DEEF564DF5A}.Release|iPhone.ActiveCfg = Release|Any CPU
		{131C2DED-BA24-4D41-A7E8-6DEEF564DF5A}.Release|iPhoneSimulator.ActiveCfg = Release|Any CPU
		{131C2DED-BA24-4D41-A7E8-6DEEF564DF5A}.Release|Mixed Platforms.ActiveCfg = Release|Any CPU
		{131C2DED-BA24-4D41-A7E8-6DEEF564DF5A}.Release|Mixed Platforms.Build.0 = Release|Any CPU
		{131C2DED-BA24-4D41-A7E8-6DEEF564DF5A}.Release|x64.ActiveCfg = Release|Any CPU
		{131C2DED-BA24-4D41-A7E8-6DEEF564DF5A}.Release|x86.ActiveCfg = Release|Any CPU
		{CCCF9F01-8866-4077-B971-5B659D28444A}.Debug|Any CPU.ActiveCfg = Debug|Any CPU
		{CCCF9F01-8866-4077-B971-5B659D28444A}.Debug|Any CPU.Build.0 = Debug|Any CPU
		{CCCF9F01-8866-4077-B971-5B659D28444A}.Debug|ARM.ActiveCfg = Debug|ARM
		{CCCF9F01-8866-4077-B971-5B659D28444A}.Debug|ARM.Build.0 = Debug|ARM
		{CCCF9F01-8866-4077-B971-5B659D28444A}.Debug|iPhone.ActiveCfg = Debug|Any CPU
		{CCCF9F01-8866-4077-B971-5B659D28444A}.Debug|iPhoneSimulator.ActiveCfg = Debug|Any CPU
		{CCCF9F01-8866-4077-B971-5B659D28444A}.Debug|Mixed Platforms.ActiveCfg = Debug|Any CPU
		{CCCF9F01-8866-4077-B971-5B659D28444A}.Debug|Mixed Platforms.Build.0 = Debug|Any CPU
		{CCCF9F01-8866-4077-B971-5B659D28444A}.Debug|x64.ActiveCfg = Debug|x64
		{CCCF9F01-8866-4077-B971-5B659D28444A}.Debug|x64.Build.0 = Debug|x64
		{CCCF9F01-8866-4077-B971-5B659D28444A}.Debug|x86.ActiveCfg = Debug|x86
		{CCCF9F01-8866-4077-B971-5B659D28444A}.Debug|x86.Build.0 = Debug|x86
		{CCCF9F01-8866-4077-B971-5B659D28444A}.Distribution|Any CPU.ActiveCfg = Debug|Any CPU
		{CCCF9F01-8866-4077-B971-5B659D28444A}.Distribution|Any CPU.Build.0 = Debug|Any CPU
		{CCCF9F01-8866-4077-B971-5B659D28444A}.Distribution|ARM.ActiveCfg = Debug|ARM
		{CCCF9F01-8866-4077-B971-5B659D28444A}.Distribution|ARM.Build.0 = Debug|ARM
		{CCCF9F01-8866-4077-B971-5B659D28444A}.Distribution|iPhone.ActiveCfg = Debug|Any CPU
		{CCCF9F01-8866-4077-B971-5B659D28444A}.Distribution|iPhoneSimulator.ActiveCfg = Debug|Any CPU
		{CCCF9F01-8866-4077-B971-5B659D28444A}.Distribution|Mixed Platforms.ActiveCfg = Debug|x86
		{CCCF9F01-8866-4077-B971-5B659D28444A}.Distribution|Mixed Platforms.Build.0 = Debug|x86
		{CCCF9F01-8866-4077-B971-5B659D28444A}.Distribution|x64.ActiveCfg = Debug|x64
		{CCCF9F01-8866-4077-B971-5B659D28444A}.Distribution|x64.Build.0 = Debug|x64
		{CCCF9F01-8866-4077-B971-5B659D28444A}.Distribution|x86.ActiveCfg = Debug|x86
		{CCCF9F01-8866-4077-B971-5B659D28444A}.Distribution|x86.Build.0 = Debug|x86
		{CCCF9F01-8866-4077-B971-5B659D28444A}.DistributionEntertainment|Any CPU.ActiveCfg = Debug|Any CPU
		{CCCF9F01-8866-4077-B971-5B659D28444A}.DistributionEntertainment|Any CPU.Build.0 = Debug|Any CPU
		{CCCF9F01-8866-4077-B971-5B659D28444A}.DistributionEntertainment|ARM.ActiveCfg = Debug|ARM
		{CCCF9F01-8866-4077-B971-5B659D28444A}.DistributionEntertainment|ARM.Build.0 = Debug|ARM
		{CCCF9F01-8866-4077-B971-5B659D28444A}.DistributionEntertainment|iPhone.ActiveCfg = Debug|Any CPU
		{CCCF9F01-8866-4077-B971-5B659D28444A}.DistributionEntertainment|iPhoneSimulator.ActiveCfg = Debug|Any CPU
		{CCCF9F01-8866-4077-B971-5B659D28444A}.DistributionEntertainment|Mixed Platforms.ActiveCfg = Debug|x86
		{CCCF9F01-8866-4077-B971-5B659D28444A}.DistributionEntertainment|Mixed Platforms.Build.0 = Debug|x86
		{CCCF9F01-8866-4077-B971-5B659D28444A}.DistributionEntertainment|x64.ActiveCfg = Debug|x64
		{CCCF9F01-8866-4077-B971-5B659D28444A}.DistributionEntertainment|x64.Build.0 = Debug|x64
		{CCCF9F01-8866-4077-B971-5B659D28444A}.DistributionEntertainment|x86.ActiveCfg = Debug|x86
		{CCCF9F01-8866-4077-B971-5B659D28444A}.DistributionEntertainment|x86.Build.0 = Debug|x86
		{CCCF9F01-8866-4077-B971-5B659D28444A}.DistributionGames|Any CPU.ActiveCfg = Debug|Any CPU
		{CCCF9F01-8866-4077-B971-5B659D28444A}.DistributionGames|Any CPU.Build.0 = Debug|Any CPU
		{CCCF9F01-8866-4077-B971-5B659D28444A}.DistributionGames|ARM.ActiveCfg = Debug|ARM
		{CCCF9F01-8866-4077-B971-5B659D28444A}.DistributionGames|ARM.Build.0 = Debug|ARM
		{CCCF9F01-8866-4077-B971-5B659D28444A}.DistributionGames|iPhone.ActiveCfg = Debug|Any CPU
		{CCCF9F01-8866-4077-B971-5B659D28444A}.DistributionGames|iPhoneSimulator.ActiveCfg = Debug|Any CPU
		{CCCF9F01-8866-4077-B971-5B659D28444A}.DistributionGames|Mixed Platforms.ActiveCfg = Debug|x86
		{CCCF9F01-8866-4077-B971-5B659D28444A}.DistributionGames|Mixed Platforms.Build.0 = Debug|x86
		{CCCF9F01-8866-4077-B971-5B659D28444A}.DistributionGames|x64.ActiveCfg = Debug|x64
		{CCCF9F01-8866-4077-B971-5B659D28444A}.DistributionGames|x64.Build.0 = Debug|x64
		{CCCF9F01-8866-4077-B971-5B659D28444A}.DistributionGames|x86.ActiveCfg = Debug|x86
		{CCCF9F01-8866-4077-B971-5B659D28444A}.DistributionGames|x86.Build.0 = Debug|x86
		{CCCF9F01-8866-4077-B971-5B659D28444A}.Release|Any CPU.ActiveCfg = Release|Any CPU
		{CCCF9F01-8866-4077-B971-5B659D28444A}.Release|Any CPU.Build.0 = Release|Any CPU
		{CCCF9F01-8866-4077-B971-5B659D28444A}.Release|ARM.ActiveCfg = Release|ARM
		{CCCF9F01-8866-4077-B971-5B659D28444A}.Release|ARM.Build.0 = Release|ARM
		{CCCF9F01-8866-4077-B971-5B659D28444A}.Release|iPhone.ActiveCfg = Release|Any CPU
		{CCCF9F01-8866-4077-B971-5B659D28444A}.Release|iPhoneSimulator.ActiveCfg = Release|Any CPU
		{CCCF9F01-8866-4077-B971-5B659D28444A}.Release|Mixed Platforms.ActiveCfg = Release|x86
		{CCCF9F01-8866-4077-B971-5B659D28444A}.Release|Mixed Platforms.Build.0 = Release|x86
		{CCCF9F01-8866-4077-B971-5B659D28444A}.Release|x64.ActiveCfg = Release|x64
		{CCCF9F01-8866-4077-B971-5B659D28444A}.Release|x64.Build.0 = Release|x64
		{CCCF9F01-8866-4077-B971-5B659D28444A}.Release|x86.ActiveCfg = Release|x86
		{CCCF9F01-8866-4077-B971-5B659D28444A}.Release|x86.Build.0 = Release|x86
		{8D47FFF9-E5E0-4A74-92FC-3DA0B28C8674}.Debug|Any CPU.ActiveCfg = Debug|x86
		{8D47FFF9-E5E0-4A74-92FC-3DA0B28C8674}.Debug|Any CPU.Build.0 = Debug|x86
		{8D47FFF9-E5E0-4A74-92FC-3DA0B28C8674}.Debug|ARM.ActiveCfg = Debug|ARM
		{8D47FFF9-E5E0-4A74-92FC-3DA0B28C8674}.Debug|ARM.Build.0 = Debug|ARM
		{8D47FFF9-E5E0-4A74-92FC-3DA0B28C8674}.Debug|iPhone.ActiveCfg = Debug|Any CPU
		{8D47FFF9-E5E0-4A74-92FC-3DA0B28C8674}.Debug|iPhoneSimulator.ActiveCfg = Debug|Any CPU
		{8D47FFF9-E5E0-4A74-92FC-3DA0B28C8674}.Debug|Mixed Platforms.ActiveCfg = Debug|x86
		{8D47FFF9-E5E0-4A74-92FC-3DA0B28C8674}.Debug|Mixed Platforms.Build.0 = Debug|x86
		{8D47FFF9-E5E0-4A74-92FC-3DA0B28C8674}.Debug|x64.ActiveCfg = Debug|Any CPU
		{8D47FFF9-E5E0-4A74-92FC-3DA0B28C8674}.Debug|x86.ActiveCfg = Debug|x86
		{8D47FFF9-E5E0-4A74-92FC-3DA0B28C8674}.Debug|x86.Build.0 = Debug|x86
		{8D47FFF9-E5E0-4A74-92FC-3DA0B28C8674}.Distribution|Any CPU.ActiveCfg = Debug|Any CPU
		{8D47FFF9-E5E0-4A74-92FC-3DA0B28C8674}.Distribution|Any CPU.Build.0 = Debug|Any CPU
		{8D47FFF9-E5E0-4A74-92FC-3DA0B28C8674}.Distribution|ARM.ActiveCfg = Debug|ARM
		{8D47FFF9-E5E0-4A74-92FC-3DA0B28C8674}.Distribution|ARM.Build.0 = Debug|ARM
		{8D47FFF9-E5E0-4A74-92FC-3DA0B28C8674}.Distribution|iPhone.ActiveCfg = Debug|Any CPU
		{8D47FFF9-E5E0-4A74-92FC-3DA0B28C8674}.Distribution|iPhoneSimulator.ActiveCfg = Debug|Any CPU
		{8D47FFF9-E5E0-4A74-92FC-3DA0B28C8674}.Distribution|Mixed Platforms.ActiveCfg = Debug|x86
		{8D47FFF9-E5E0-4A74-92FC-3DA0B28C8674}.Distribution|Mixed Platforms.Build.0 = Debug|x86
		{8D47FFF9-E5E0-4A74-92FC-3DA0B28C8674}.Distribution|x64.ActiveCfg = Debug|Any CPU
		{8D47FFF9-E5E0-4A74-92FC-3DA0B28C8674}.Distribution|x86.ActiveCfg = Debug|x86
		{8D47FFF9-E5E0-4A74-92FC-3DA0B28C8674}.Distribution|x86.Build.0 = Debug|x86
		{8D47FFF9-E5E0-4A74-92FC-3DA0B28C8674}.DistributionEntertainment|Any CPU.ActiveCfg = Debug|Any CPU
		{8D47FFF9-E5E0-4A74-92FC-3DA0B28C8674}.DistributionEntertainment|Any CPU.Build.0 = Debug|Any CPU
		{8D47FFF9-E5E0-4A74-92FC-3DA0B28C8674}.DistributionEntertainment|ARM.ActiveCfg = Debug|ARM
		{8D47FFF9-E5E0-4A74-92FC-3DA0B28C8674}.DistributionEntertainment|ARM.Build.0 = Debug|ARM
		{8D47FFF9-E5E0-4A74-92FC-3DA0B28C8674}.DistributionEntertainment|iPhone.ActiveCfg = Debug|Any CPU
		{8D47FFF9-E5E0-4A74-92FC-3DA0B28C8674}.DistributionEntertainment|iPhoneSimulator.ActiveCfg = Debug|Any CPU
		{8D47FFF9-E5E0-4A74-92FC-3DA0B28C8674}.DistributionEntertainment|Mixed Platforms.ActiveCfg = Debug|x86
		{8D47FFF9-E5E0-4A74-92FC-3DA0B28C8674}.DistributionEntertainment|Mixed Platforms.Build.0 = Debug|x86
		{8D47FFF9-E5E0-4A74-92FC-3DA0B28C8674}.DistributionEntertainment|x64.ActiveCfg = Debug|Any CPU
		{8D47FFF9-E5E0-4A74-92FC-3DA0B28C8674}.DistributionEntertainment|x86.ActiveCfg = Debug|x86
		{8D47FFF9-E5E0-4A74-92FC-3DA0B28C8674}.DistributionEntertainment|x86.Build.0 = Debug|x86
		{8D47FFF9-E5E0-4A74-92FC-3DA0B28C8674}.DistributionGames|Any CPU.ActiveCfg = Debug|Any CPU
		{8D47FFF9-E5E0-4A74-92FC-3DA0B28C8674}.DistributionGames|Any CPU.Build.0 = Debug|Any CPU
		{8D47FFF9-E5E0-4A74-92FC-3DA0B28C8674}.DistributionGames|ARM.ActiveCfg = Debug|ARM
		{8D47FFF9-E5E0-4A74-92FC-3DA0B28C8674}.DistributionGames|ARM.Build.0 = Debug|ARM
		{8D47FFF9-E5E0-4A74-92FC-3DA0B28C8674}.DistributionGames|iPhone.ActiveCfg = Debug|Any CPU
		{8D47FFF9-E5E0-4A74-92FC-3DA0B28C8674}.DistributionGames|iPhoneSimulator.ActiveCfg = Debug|Any CPU
		{8D47FFF9-E5E0-4A74-92FC-3DA0B28C8674}.DistributionGames|Mixed Platforms.ActiveCfg = Debug|x86
		{8D47FFF9-E5E0-4A74-92FC-3DA0B28C8674}.DistributionGames|Mixed Platforms.Build.0 = Debug|x86
		{8D47FFF9-E5E0-4A74-92FC-3DA0B28C8674}.DistributionGames|x64.ActiveCfg = Debug|Any CPU
		{8D47FFF9-E5E0-4A74-92FC-3DA0B28C8674}.DistributionGames|x86.ActiveCfg = Debug|x86
		{8D47FFF9-E5E0-4A74-92FC-3DA0B28C8674}.DistributionGames|x86.Build.0 = Debug|x86
		{8D47FFF9-E5E0-4A74-92FC-3DA0B28C8674}.Release|Any CPU.ActiveCfg = Release|x86
		{8D47FFF9-E5E0-4A74-92FC-3DA0B28C8674}.Release|Any CPU.Build.0 = Release|x86
		{8D47FFF9-E5E0-4A74-92FC-3DA0B28C8674}.Release|ARM.ActiveCfg = Release|ARM
		{8D47FFF9-E5E0-4A74-92FC-3DA0B28C8674}.Release|ARM.Build.0 = Release|ARM
		{8D47FFF9-E5E0-4A74-92FC-3DA0B28C8674}.Release|iPhone.ActiveCfg = Release|Any CPU
		{8D47FFF9-E5E0-4A74-92FC-3DA0B28C8674}.Release|iPhoneSimulator.ActiveCfg = Release|Any CPU
		{8D47FFF9-E5E0-4A74-92FC-3DA0B28C8674}.Release|Mixed Platforms.ActiveCfg = Release|x86
		{8D47FFF9-E5E0-4A74-92FC-3DA0B28C8674}.Release|Mixed Platforms.Build.0 = Release|x86
		{8D47FFF9-E5E0-4A74-92FC-3DA0B28C8674}.Release|x64.ActiveCfg = Release|Any CPU
		{8D47FFF9-E5E0-4A74-92FC-3DA0B28C8674}.Release|x86.ActiveCfg = Release|x86
		{8D47FFF9-E5E0-4A74-92FC-3DA0B28C8674}.Release|x86.Build.0 = Release|x86
	EndGlobalSection
	GlobalSection(SolutionProperties) = preSolution
		HideSolutionNode = FALSE
	EndGlobalSection
	GlobalSection(TestCaseManagementSettings) = postSolution
		CategoryFile = XNA8DFramework.vsmdi
	EndGlobalSection
	GlobalSection(MonoDevelopProperties) = preSolution
		StartupItem = XNA8DFramework.csproj
	EndGlobalSection
EndGlobal
